
Microsoft Visual Studio Solution File, Format Version 12.00
# Visual Studio Version 17
VisualStudioVersion = 17.1.31903.286
MinimumVisualStudioVersion = 10.0.40219.1
Project("{9A19103F-16F7-4668-BE54-9A1E7A4F7556}") = "Uno.XamlMerge.Task", "Uno.XamlMerge.Task\Uno.XamlMerge.Task.csproj", "{EA38F3A8-DAA9-4885-8D8E-1CC38A70A63A}"
EndProject
Project("{2150E333-8FDC-42A3-9474-1A3956D46DE8}") = "Tests", "Tests", "{F435E472-6EF0-4739-9D92-A058FA5B039B}"
EndProject
Project("{9A19103F-16F7-4668-BE54-9A1E7A4F7556}") = "Uno.XamlMerge.Tests", "Uno.XamlMerge.Tests\Uno.XamlMerge.Tests.csproj", "{4D530D82-BD72-4D58-969C-2A8BDCD876F2}"
EndProject
Project("{2150E333-8FDC-42A3-9474-1A3956D46DE8}") = "WinUI", "WinUI", "{D84E95FD-F682-49A2-864A-6EB01873E9CD}"
EndProject
Project("{9A19103F-16F7-4668-BE54-9A1E7A4F7556}") = "TestLibraryWinUI", "WinUI\TestLibraryWinUI\TestLibraryWinUI.csproj", "{F6DFB396-A9C8-42E6-AB54-799D1456E3EF}"
EndProject
Project("{FAE04EC0-301F-11D3-BF4B-00C04F79EFBC}") = "XamlMergeWinUITest", "WinUI\XamlMergeWinUITest\XamlMergeWinUITest.csproj", "{FC0DE593-D6DA-CCB6-2BEB-0751F9F9A543}"
EndProject
Global
	GlobalSection(SolutionConfigurationPlatforms) = preSolution
		Ad-Hoc|Any CPU = Ad-Hoc|Any CPU
		Ad-Hoc|ARM = Ad-Hoc|ARM
		Ad-Hoc|ARM64 = Ad-Hoc|ARM64
		Ad-Hoc|iPhone = Ad-Hoc|iPhone
		Ad-Hoc|iPhoneSimulator = Ad-Hoc|iPhoneSimulator
		Ad-Hoc|x64 = Ad-Hoc|x64
		Ad-Hoc|x86 = Ad-Hoc|x86
		AppStore|Any CPU = AppStore|Any CPU
		AppStore|ARM = AppStore|ARM
		AppStore|ARM64 = AppStore|ARM64
		AppStore|iPhone = AppStore|iPhone
		AppStore|iPhoneSimulator = AppStore|iPhoneSimulator
		AppStore|x64 = AppStore|x64
		AppStore|x86 = AppStore|x86
		Debug|Any CPU = Debug|Any CPU
		Debug|ARM = Debug|ARM
		Debug|ARM64 = Debug|ARM64
		Debug|iPhone = Debug|iPhone
		Debug|iPhoneSimulator = Debug|iPhoneSimulator
		Debug|x64 = Debug|x64
		Debug|x86 = Debug|x86
		Release|Any CPU = Release|Any CPU
		Release|ARM = Release|ARM
		Release|ARM64 = Release|ARM64
		Release|iPhone = Release|iPhone
		Release|iPhoneSimulator = Release|iPhoneSimulator
		Release|x64 = Release|x64
		Release|x86 = Release|x86
	EndGlobalSection
	GlobalSection(ProjectConfigurationPlatforms) = postSolution
		{EA38F3A8-DAA9-4885-8D8E-1CC38A70A63A}.Ad-Hoc|Any CPU.ActiveCfg = Release|Any CPU
		{EA38F3A8-DAA9-4885-8D8E-1CC38A70A63A}.Ad-Hoc|Any CPU.Build.0 = Release|Any CPU
		{EA38F3A8-DAA9-4885-8D8E-1CC38A70A63A}.Ad-Hoc|ARM.ActiveCfg = Release|Any CPU
		{EA38F3A8-DAA9-4885-8D8E-1CC38A70A63A}.Ad-Hoc|ARM.Build.0 = Release|Any CPU
		{EA38F3A8-DAA9-4885-8D8E-1CC38A70A63A}.Ad-Hoc|ARM64.ActiveCfg = Release|Any CPU
		{EA38F3A8-DAA9-4885-8D8E-1CC38A70A63A}.Ad-Hoc|ARM64.Build.0 = Release|Any CPU
		{EA38F3A8-DAA9-4885-8D8E-1CC38A70A63A}.Ad-Hoc|iPhone.ActiveCfg = Release|Any CPU
		{EA38F3A8-DAA9-4885-8D8E-1CC38A70A63A}.Ad-Hoc|iPhone.Build.0 = Release|Any CPU
		{EA38F3A8-DAA9-4885-8D8E-1CC38A70A63A}.Ad-Hoc|iPhoneSimulator.ActiveCfg = Release|Any CPU
		{EA38F3A8-DAA9-4885-8D8E-1CC38A70A63A}.Ad-Hoc|iPhoneSimulator.Build.0 = Release|Any CPU
		{EA38F3A8-DAA9-4885-8D8E-1CC38A70A63A}.Ad-Hoc|x64.ActiveCfg = Release|Any CPU
		{EA38F3A8-DAA9-4885-8D8E-1CC38A70A63A}.Ad-Hoc|x64.Build.0 = Release|Any CPU
		{EA38F3A8-DAA9-4885-8D8E-1CC38A70A63A}.Ad-Hoc|x86.ActiveCfg = Release|Any CPU
		{EA38F3A8-DAA9-4885-8D8E-1CC38A70A63A}.Ad-Hoc|x86.Build.0 = Release|Any CPU
		{EA38F3A8-DAA9-4885-8D8E-1CC38A70A63A}.AppStore|Any CPU.ActiveCfg = Release|Any CPU
		{EA38F3A8-DAA9-4885-8D8E-1CC38A70A63A}.AppStore|Any CPU.Build.0 = Release|Any CPU
		{EA38F3A8-DAA9-4885-8D8E-1CC38A70A63A}.AppStore|ARM.ActiveCfg = Release|Any CPU
		{EA38F3A8-DAA9-4885-8D8E-1CC38A70A63A}.AppStore|ARM.Build.0 = Release|Any CPU
		{EA38F3A8-DAA9-4885-8D8E-1CC38A70A63A}.AppStore|ARM64.ActiveCfg = Release|Any CPU
		{EA38F3A8-DAA9-4885-8D8E-1CC38A70A63A}.AppStore|ARM64.Build.0 = Release|Any CPU
		{EA38F3A8-DAA9-4885-8D8E-1CC38A70A63A}.AppStore|iPhone.ActiveCfg = Release|Any CPU
		{EA38F3A8-DAA9-4885-8D8E-1CC38A70A63A}.AppStore|iPhone.Build.0 = Release|Any CPU
		{EA38F3A8-DAA9-4885-8D8E-1CC38A70A63A}.AppStore|iPhoneSimulator.ActiveCfg = Release|Any CPU
		{EA38F3A8-DAA9-4885-8D8E-1CC38A70A63A}.AppStore|iPhoneSimulator.Build.0 = Release|Any CPU
		{EA38F3A8-DAA9-4885-8D8E-1CC38A70A63A}.AppStore|x64.ActiveCfg = Release|Any CPU
		{EA38F3A8-DAA9-4885-8D8E-1CC38A70A63A}.AppStore|x64.Build.0 = Release|Any CPU
		{EA38F3A8-DAA9-4885-8D8E-1CC38A70A63A}.AppStore|x86.ActiveCfg = Release|Any CPU
		{EA38F3A8-DAA9-4885-8D8E-1CC38A70A63A}.AppStore|x86.Build.0 = Release|Any CPU
		{EA38F3A8-DAA9-4885-8D8E-1CC38A70A63A}.Debug|Any CPU.ActiveCfg = Debug|Any CPU
		{EA38F3A8-DAA9-4885-8D8E-1CC38A70A63A}.Debug|Any CPU.Build.0 = Debug|Any CPU
		{EA38F3A8-DAA9-4885-8D8E-1CC38A70A63A}.Debug|ARM.ActiveCfg = Debug|Any CPU
		{EA38F3A8-DAA9-4885-8D8E-1CC38A70A63A}.Debug|ARM.Build.0 = Debug|Any CPU
		{EA38F3A8-DAA9-4885-8D8E-1CC38A70A63A}.Debug|ARM64.ActiveCfg = Debug|Any CPU
		{EA38F3A8-DAA9-4885-8D8E-1CC38A70A63A}.Debug|ARM64.Build.0 = Debug|Any CPU
		{EA38F3A8-DAA9-4885-8D8E-1CC38A70A63A}.Debug|iPhone.ActiveCfg = Debug|Any CPU
		{EA38F3A8-DAA9-4885-8D8E-1CC38A70A63A}.Debug|iPhone.Build.0 = Debug|Any CPU
		{EA38F3A8-DAA9-4885-8D8E-1CC38A70A63A}.Debug|iPhoneSimulator.ActiveCfg = Debug|Any CPU
		{EA38F3A8-DAA9-4885-8D8E-1CC38A70A63A}.Debug|iPhoneSimulator.Build.0 = Debug|Any CPU
		{EA38F3A8-DAA9-4885-8D8E-1CC38A70A63A}.Debug|x64.ActiveCfg = Debug|Any CPU
		{EA38F3A8-DAA9-4885-8D8E-1CC38A70A63A}.Debug|x64.Build.0 = Debug|Any CPU
		{EA38F3A8-DAA9-4885-8D8E-1CC38A70A63A}.Debug|x86.ActiveCfg = Debug|Any CPU
		{EA38F3A8-DAA9-4885-8D8E-1CC38A70A63A}.Debug|x86.Build.0 = Debug|Any CPU
		{EA38F3A8-DAA9-4885-8D8E-1CC38A70A63A}.Release|Any CPU.ActiveCfg = Release|Any CPU
		{EA38F3A8-DAA9-4885-8D8E-1CC38A70A63A}.Release|Any CPU.Build.0 = Release|Any CPU
		{EA38F3A8-DAA9-4885-8D8E-1CC38A70A63A}.Release|ARM.ActiveCfg = Release|Any CPU
		{EA38F3A8-DAA9-4885-8D8E-1CC38A70A63A}.Release|ARM.Build.0 = Release|Any CPU
		{EA38F3A8-DAA9-4885-8D8E-1CC38A70A63A}.Release|ARM64.ActiveCfg = Release|Any CPU
		{EA38F3A8-DAA9-4885-8D8E-1CC38A70A63A}.Release|ARM64.Build.0 = Release|Any CPU
		{EA38F3A8-DAA9-4885-8D8E-1CC38A70A63A}.Release|iPhone.ActiveCfg = Release|Any CPU
		{EA38F3A8-DAA9-4885-8D8E-1CC38A70A63A}.Release|iPhone.Build.0 = Release|Any CPU
		{EA38F3A8-DAA9-4885-8D8E-1CC38A70A63A}.Release|iPhoneSimulator.ActiveCfg = Release|Any CPU
		{EA38F3A8-DAA9-4885-8D8E-1CC38A70A63A}.Release|iPhoneSimulator.Build.0 = Release|Any CPU
		{EA38F3A8-DAA9-4885-8D8E-1CC38A70A63A}.Release|x64.ActiveCfg = Release|Any CPU
		{EA38F3A8-DAA9-4885-8D8E-1CC38A70A63A}.Release|x64.Build.0 = Release|Any CPU
		{EA38F3A8-DAA9-4885-8D8E-1CC38A70A63A}.Release|x86.ActiveCfg = Release|Any CPU
		{EA38F3A8-DAA9-4885-8D8E-1CC38A70A63A}.Release|x86.Build.0 = Release|Any CPU
		{4D530D82-BD72-4D58-969C-2A8BDCD876F2}.Ad-Hoc|Any CPU.ActiveCfg = Debug|Any CPU
		{4D530D82-BD72-4D58-969C-2A8BDCD876F2}.Ad-Hoc|Any CPU.Build.0 = Debug|Any CPU
		{4D530D82-BD72-4D58-969C-2A8BDCD876F2}.Ad-Hoc|ARM.ActiveCfg = Debug|Any CPU
		{4D530D82-BD72-4D58-969C-2A8BDCD876F2}.Ad-Hoc|ARM.Build.0 = Debug|Any CPU
		{4D530D82-BD72-4D58-969C-2A8BDCD876F2}.Ad-Hoc|ARM64.ActiveCfg = Debug|Any CPU
		{4D530D82-BD72-4D58-969C-2A8BDCD876F2}.Ad-Hoc|ARM64.Build.0 = Debug|Any CPU
		{4D530D82-BD72-4D58-969C-2A8BDCD876F2}.Ad-Hoc|iPhone.ActiveCfg = Debug|Any CPU
		{4D530D82-BD72-4D58-969C-2A8BDCD876F2}.Ad-Hoc|iPhone.Build.0 = Debug|Any CPU
		{4D530D82-BD72-4D58-969C-2A8BDCD876F2}.Ad-Hoc|iPhoneSimulator.ActiveCfg = Debug|Any CPU
		{4D530D82-BD72-4D58-969C-2A8BDCD876F2}.Ad-Hoc|iPhoneSimulator.Build.0 = Debug|Any CPU
		{4D530D82-BD72-4D58-969C-2A8BDCD876F2}.Ad-Hoc|x64.ActiveCfg = Debug|Any CPU
		{4D530D82-BD72-4D58-969C-2A8BDCD876F2}.Ad-Hoc|x64.Build.0 = Debug|Any CPU
		{4D530D82-BD72-4D58-969C-2A8BDCD876F2}.Ad-Hoc|x86.ActiveCfg = Debug|Any CPU
		{4D530D82-BD72-4D58-969C-2A8BDCD876F2}.Ad-Hoc|x86.Build.0 = Debug|Any CPU
		{4D530D82-BD72-4D58-969C-2A8BDCD876F2}.AppStore|Any CPU.ActiveCfg = Debug|Any CPU
		{4D530D82-BD72-4D58-969C-2A8BDCD876F2}.AppStore|Any CPU.Build.0 = Debug|Any CPU
		{4D530D82-BD72-4D58-969C-2A8BDCD876F2}.AppStore|ARM.ActiveCfg = Debug|Any CPU
		{4D530D82-BD72-4D58-969C-2A8BDCD876F2}.AppStore|ARM.Build.0 = Debug|Any CPU
		{4D530D82-BD72-4D58-969C-2A8BDCD876F2}.AppStore|ARM64.ActiveCfg = Debug|Any CPU
		{4D530D82-BD72-4D58-969C-2A8BDCD876F2}.AppStore|ARM64.Build.0 = Debug|Any CPU
		{4D530D82-BD72-4D58-969C-2A8BDCD876F2}.AppStore|iPhone.ActiveCfg = Debug|Any CPU
		{4D530D82-BD72-4D58-969C-2A8BDCD876F2}.AppStore|iPhone.Build.0 = Debug|Any CPU
		{4D530D82-BD72-4D58-969C-2A8BDCD876F2}.AppStore|iPhoneSimulator.ActiveCfg = Debug|Any CPU
		{4D530D82-BD72-4D58-969C-2A8BDCD876F2}.AppStore|iPhoneSimulator.Build.0 = Debug|Any CPU
		{4D530D82-BD72-4D58-969C-2A8BDCD876F2}.AppStore|x64.ActiveCfg = Debug|Any CPU
		{4D530D82-BD72-4D58-969C-2A8BDCD876F2}.AppStore|x64.Build.0 = Debug|Any CPU
		{4D530D82-BD72-4D58-969C-2A8BDCD876F2}.AppStore|x86.ActiveCfg = Debug|Any CPU
		{4D530D82-BD72-4D58-969C-2A8BDCD876F2}.AppStore|x86.Build.0 = Debug|Any CPU
		{4D530D82-BD72-4D58-969C-2A8BDCD876F2}.Debug|Any CPU.ActiveCfg = Debug|Any CPU
		{4D530D82-BD72-4D58-969C-2A8BDCD876F2}.Debug|Any CPU.Build.0 = Debug|Any CPU
		{4D530D82-BD72-4D58-969C-2A8BDCD876F2}.Debug|ARM.ActiveCfg = Debug|Any CPU
		{4D530D82-BD72-4D58-969C-2A8BDCD876F2}.Debug|ARM.Build.0 = Debug|Any CPU
		{4D530D82-BD72-4D58-969C-2A8BDCD876F2}.Debug|ARM64.ActiveCfg = Debug|Any CPU
		{4D530D82-BD72-4D58-969C-2A8BDCD876F2}.Debug|ARM64.Build.0 = Debug|Any CPU
		{4D530D82-BD72-4D58-969C-2A8BDCD876F2}.Debug|iPhone.ActiveCfg = Debug|Any CPU
		{4D530D82-BD72-4D58-969C-2A8BDCD876F2}.Debug|iPhone.Build.0 = Debug|Any CPU
		{4D530D82-BD72-4D58-969C-2A8BDCD876F2}.Debug|iPhoneSimulator.ActiveCfg = Debug|Any CPU
		{4D530D82-BD72-4D58-969C-2A8BDCD876F2}.Debug|iPhoneSimulator.Build.0 = Debug|Any CPU
		{4D530D82-BD72-4D58-969C-2A8BDCD876F2}.Debug|x64.ActiveCfg = Debug|Any CPU
		{4D530D82-BD72-4D58-969C-2A8BDCD876F2}.Debug|x64.Build.0 = Debug|Any CPU
		{4D530D82-BD72-4D58-969C-2A8BDCD876F2}.Debug|x86.ActiveCfg = Debug|Any CPU
		{4D530D82-BD72-4D58-969C-2A8BDCD876F2}.Debug|x86.Build.0 = Debug|Any CPU
		{4D530D82-BD72-4D58-969C-2A8BDCD876F2}.Release|Any CPU.ActiveCfg = Release|Any CPU
		{4D530D82-BD72-4D58-969C-2A8BDCD876F2}.Release|Any CPU.Build.0 = Release|Any CPU
		{4D530D82-BD72-4D58-969C-2A8BDCD876F2}.Release|ARM.ActiveCfg = Release|Any CPU
		{4D530D82-BD72-4D58-969C-2A8BDCD876F2}.Release|ARM.Build.0 = Release|Any CPU
		{4D530D82-BD72-4D58-969C-2A8BDCD876F2}.Release|ARM64.ActiveCfg = Release|Any CPU
		{4D530D82-BD72-4D58-969C-2A8BDCD876F2}.Release|ARM64.Build.0 = Release|Any CPU
		{4D530D82-BD72-4D58-969C-2A8BDCD876F2}.Release|iPhone.ActiveCfg = Release|Any CPU
		{4D530D82-BD72-4D58-969C-2A8BDCD876F2}.Release|iPhone.Build.0 = Release|Any CPU
		{4D530D82-BD72-4D58-969C-2A8BDCD876F2}.Release|iPhoneSimulator.ActiveCfg = Release|Any CPU
		{4D530D82-BD72-4D58-969C-2A8BDCD876F2}.Release|iPhoneSimulator.Build.0 = Release|Any CPU
		{4D530D82-BD72-4D58-969C-2A8BDCD876F2}.Release|x64.ActiveCfg = Release|Any CPU
		{4D530D82-BD72-4D58-969C-2A8BDCD876F2}.Release|x64.Build.0 = Release|Any CPU
		{4D530D82-BD72-4D58-969C-2A8BDCD876F2}.Release|x86.ActiveCfg = Release|Any CPU
		{4D530D82-BD72-4D58-969C-2A8BDCD876F2}.Release|x86.Build.0 = Release|Any CPU
		{F6DFB396-A9C8-42E6-AB54-799D1456E3EF}.Ad-Hoc|Any CPU.ActiveCfg = Debug|Any CPU
		{F6DFB396-A9C8-42E6-AB54-799D1456E3EF}.Ad-Hoc|Any CPU.Build.0 = Debug|Any CPU
		{F6DFB396-A9C8-42E6-AB54-799D1456E3EF}.Ad-Hoc|ARM.ActiveCfg = Debug|Any CPU
		{F6DFB396-A9C8-42E6-AB54-799D1456E3EF}.Ad-Hoc|ARM.Build.0 = Debug|Any CPU
		{F6DFB396-A9C8-42E6-AB54-799D1456E3EF}.Ad-Hoc|ARM64.ActiveCfg = Debug|Any CPU
		{F6DFB396-A9C8-42E6-AB54-799D1456E3EF}.Ad-Hoc|ARM64.Build.0 = Debug|Any CPU
		{F6DFB396-A9C8-42E6-AB54-799D1456E3EF}.Ad-Hoc|iPhone.ActiveCfg = Debug|Any CPU
		{F6DFB396-A9C8-42E6-AB54-799D1456E3EF}.Ad-Hoc|iPhone.Build.0 = Debug|Any CPU
		{F6DFB396-A9C8-42E6-AB54-799D1456E3EF}.Ad-Hoc|iPhoneSimulator.ActiveCfg = Debug|Any CPU
		{F6DFB396-A9C8-42E6-AB54-799D1456E3EF}.Ad-Hoc|iPhoneSimulator.Build.0 = Debug|Any CPU
		{F6DFB396-A9C8-42E6-AB54-799D1456E3EF}.Ad-Hoc|x64.ActiveCfg = Debug|Any CPU
		{F6DFB396-A9C8-42E6-AB54-799D1456E3EF}.Ad-Hoc|x64.Build.0 = Debug|Any CPU
		{F6DFB396-A9C8-42E6-AB54-799D1456E3EF}.Ad-Hoc|x86.ActiveCfg = Debug|Any CPU
		{F6DFB396-A9C8-42E6-AB54-799D1456E3EF}.Ad-Hoc|x86.Build.0 = Debug|Any CPU
		{F6DFB396-A9C8-42E6-AB54-799D1456E3EF}.AppStore|Any CPU.ActiveCfg = Debug|Any CPU
		{F6DFB396-A9C8-42E6-AB54-799D1456E3EF}.AppStore|Any CPU.Build.0 = Debug|Any CPU
		{F6DFB396-A9C8-42E6-AB54-799D1456E3EF}.AppStore|ARM.ActiveCfg = Debug|Any CPU
		{F6DFB396-A9C8-42E6-AB54-799D1456E3EF}.AppStore|ARM.Build.0 = Debug|Any CPU
		{F6DFB396-A9C8-42E6-AB54-799D1456E3EF}.AppStore|ARM64.ActiveCfg = Debug|Any CPU
		{F6DFB396-A9C8-42E6-AB54-799D1456E3EF}.AppStore|ARM64.Build.0 = Debug|Any CPU
		{F6DFB396-A9C8-42E6-AB54-799D1456E3EF}.AppStore|iPhone.ActiveCfg = Debug|Any CPU
		{F6DFB396-A9C8-42E6-AB54-799D1456E3EF}.AppStore|iPhone.Build.0 = Debug|Any CPU
		{F6DFB396-A9C8-42E6-AB54-799D1456E3EF}.AppStore|iPhoneSimulator.ActiveCfg = Debug|Any CPU
		{F6DFB396-A9C8-42E6-AB54-799D1456E3EF}.AppStore|iPhoneSimulator.Build.0 = Debug|Any CPU
		{F6DFB396-A9C8-42E6-AB54-799D1456E3EF}.AppStore|x64.ActiveCfg = Debug|Any CPU
		{F6DFB396-A9C8-42E6-AB54-799D1456E3EF}.AppStore|x64.Build.0 = Debug|Any CPU
		{F6DFB396-A9C8-42E6-AB54-799D1456E3EF}.AppStore|x86.ActiveCfg = Debug|Any CPU
		{F6DFB396-A9C8-42E6-AB54-799D1456E3EF}.AppStore|x86.Build.0 = Debug|Any CPU
		{F6DFB396-A9C8-42E6-AB54-799D1456E3EF}.Debug|Any CPU.ActiveCfg = Debug|Any CPU
		{F6DFB396-A9C8-42E6-AB54-799D1456E3EF}.Debug|Any CPU.Build.0 = Debug|Any CPU
		{F6DFB396-A9C8-42E6-AB54-799D1456E3EF}.Debug|ARM.ActiveCfg = Debug|Any CPU
		{F6DFB396-A9C8-42E6-AB54-799D1456E3EF}.Debug|ARM.Build.0 = Debug|Any CPU
		{F6DFB396-A9C8-42E6-AB54-799D1456E3EF}.Debug|ARM64.ActiveCfg = Debug|Any CPU
		{F6DFB396-A9C8-42E6-AB54-799D1456E3EF}.Debug|ARM64.Build.0 = Debug|Any CPU
		{F6DFB396-A9C8-42E6-AB54-799D1456E3EF}.Debug|iPhone.ActiveCfg = Debug|Any CPU
		{F6DFB396-A9C8-42E6-AB54-799D1456E3EF}.Debug|iPhone.Build.0 = Debug|Any CPU
		{F6DFB396-A9C8-42E6-AB54-799D1456E3EF}.Debug|iPhoneSimulator.ActiveCfg = Debug|Any CPU
		{F6DFB396-A9C8-42E6-AB54-799D1456E3EF}.Debug|iPhoneSimulator.Build.0 = Debug|Any CPU
		{F6DFB396-A9C8-42E6-AB54-799D1456E3EF}.Debug|x64.ActiveCfg = Debug|Any CPU
		{F6DFB396-A9C8-42E6-AB54-799D1456E3EF}.Debug|x64.Build.0 = Debug|Any CPU
		{F6DFB396-A9C8-42E6-AB54-799D1456E3EF}.Debug|x86.ActiveCfg = Debug|Any CPU
		{F6DFB396-A9C8-42E6-AB54-799D1456E3EF}.Debug|x86.Build.0 = Debug|Any CPU
		{F6DFB396-A9C8-42E6-AB54-799D1456E3EF}.Release|Any CPU.ActiveCfg = Release|Any CPU
		{F6DFB396-A9C8-42E6-AB54-799D1456E3EF}.Release|Any CPU.Build.0 = Release|Any CPU
		{F6DFB396-A9C8-42E6-AB54-799D1456E3EF}.Release|ARM.ActiveCfg = Release|Any CPU
		{F6DFB396-A9C8-42E6-AB54-799D1456E3EF}.Release|ARM.Build.0 = Release|Any CPU
		{F6DFB396-A9C8-42E6-AB54-799D1456E3EF}.Release|ARM64.ActiveCfg = Release|Any CPU
		{F6DFB396-A9C8-42E6-AB54-799D1456E3EF}.Release|ARM64.Build.0 = Release|Any CPU
		{F6DFB396-A9C8-42E6-AB54-799D1456E3EF}.Release|iPhone.ActiveCfg = Release|Any CPU
		{F6DFB396-A9C8-42E6-AB54-799D1456E3EF}.Release|iPhone.Build.0 = Release|Any CPU
		{F6DFB396-A9C8-42E6-AB54-799D1456E3EF}.Release|iPhoneSimulator.ActiveCfg = Release|Any CPU
		{F6DFB396-A9C8-42E6-AB54-799D1456E3EF}.Release|iPhoneSimulator.Build.0 = Release|Any CPU
		{F6DFB396-A9C8-42E6-AB54-799D1456E3EF}.Release|x64.ActiveCfg = Release|Any CPU
		{F6DFB396-A9C8-42E6-AB54-799D1456E3EF}.Release|x64.Build.0 = Release|Any CPU
		{F6DFB396-A9C8-42E6-AB54-799D1456E3EF}.Release|x86.ActiveCfg = Release|Any CPU
		{F6DFB396-A9C8-42E6-AB54-799D1456E3EF}.Release|x86.Build.0 = Release|Any CPU
		{FC0DE593-D6DA-CCB6-2BEB-0751F9F9A543}.Ad-Hoc|Any CPU.ActiveCfg = Debug|Any CPU
		{FC0DE593-D6DA-CCB6-2BEB-0751F9F9A543}.Ad-Hoc|Any CPU.Build.0 = Debug|Any CPU
		{FC0DE593-D6DA-CCB6-2BEB-0751F9F9A543}.Ad-Hoc|Any CPU.Deploy.0 = Debug|Any CPU
		{FC0DE593-D6DA-CCB6-2BEB-0751F9F9A543}.Ad-Hoc|ARM.ActiveCfg = Debug|Any CPU
		{FC0DE593-D6DA-CCB6-2BEB-0751F9F9A543}.Ad-Hoc|ARM.Build.0 = Debug|Any CPU
		{FC0DE593-D6DA-CCB6-2BEB-0751F9F9A543}.Ad-Hoc|ARM.Deploy.0 = Debug|Any CPU
		{FC0DE593-D6DA-CCB6-2BEB-0751F9F9A543}.Ad-Hoc|ARM64.ActiveCfg = Debug|Any CPU
		{FC0DE593-D6DA-CCB6-2BEB-0751F9F9A543}.Ad-Hoc|ARM64.Build.0 = Debug|Any CPU
		{FC0DE593-D6DA-CCB6-2BEB-0751F9F9A543}.Ad-Hoc|ARM64.Deploy.0 = Debug|Any CPU
		{FC0DE593-D6DA-CCB6-2BEB-0751F9F9A543}.Ad-Hoc|iPhone.ActiveCfg = Debug|Any CPU
		{FC0DE593-D6DA-CCB6-2BEB-0751F9F9A543}.Ad-Hoc|iPhone.Build.0 = Debug|Any CPU
		{FC0DE593-D6DA-CCB6-2BEB-0751F9F9A543}.Ad-Hoc|iPhone.Deploy.0 = Debug|Any CPU
		{FC0DE593-D6DA-CCB6-2BEB-0751F9F9A543}.Ad-Hoc|iPhoneSimulator.ActiveCfg = Debug|Any CPU
		{FC0DE593-D6DA-CCB6-2BEB-0751F9F9A543}.Ad-Hoc|iPhoneSimulator.Build.0 = Debug|Any CPU
		{FC0DE593-D6DA-CCB6-2BEB-0751F9F9A543}.Ad-Hoc|iPhoneSimulator.Deploy.0 = Debug|Any CPU
		{FC0DE593-D6DA-CCB6-2BEB-0751F9F9A543}.Ad-Hoc|x64.ActiveCfg = Debug|Any CPU
		{FC0DE593-D6DA-CCB6-2BEB-0751F9F9A543}.Ad-Hoc|x64.Build.0 = Debug|Any CPU
		{FC0DE593-D6DA-CCB6-2BEB-0751F9F9A543}.Ad-Hoc|x64.Deploy.0 = Debug|Any CPU
		{FC0DE593-D6DA-CCB6-2BEB-0751F9F9A543}.Ad-Hoc|x86.ActiveCfg = Debug|Any CPU
		{FC0DE593-D6DA-CCB6-2BEB-0751F9F9A543}.Ad-Hoc|x86.Build.0 = Debug|Any CPU
		{FC0DE593-D6DA-CCB6-2BEB-0751F9F9A543}.Ad-Hoc|x86.Deploy.0 = Debug|Any CPU
		{FC0DE593-D6DA-CCB6-2BEB-0751F9F9A543}.AppStore|Any CPU.ActiveCfg = Debug|Any CPU
		{FC0DE593-D6DA-CCB6-2BEB-0751F9F9A543}.AppStore|Any CPU.Build.0 = Debug|Any CPU
		{FC0DE593-D6DA-CCB6-2BEB-0751F9F9A543}.AppStore|Any CPU.Deploy.0 = Debug|Any CPU
		{FC0DE593-D6DA-CCB6-2BEB-0751F9F9A543}.AppStore|ARM.ActiveCfg = Debug|Any CPU
		{FC0DE593-D6DA-CCB6-2BEB-0751F9F9A543}.AppStore|ARM.Build.0 = Debug|Any CPU
		{FC0DE593-D6DA-CCB6-2BEB-0751F9F9A543}.AppStore|ARM.Deploy.0 = Debug|Any CPU
		{FC0DE593-D6DA-CCB6-2BEB-0751F9F9A543}.AppStore|ARM64.ActiveCfg = Debug|Any CPU
		{FC0DE593-D6DA-CCB6-2BEB-0751F9F9A543}.AppStore|ARM64.Build.0 = Debug|Any CPU
		{FC0DE593-D6DA-CCB6-2BEB-0751F9F9A543}.AppStore|ARM64.Deploy.0 = Debug|Any CPU
		{FC0DE593-D6DA-CCB6-2BEB-0751F9F9A543}.AppStore|iPhone.ActiveCfg = Debug|Any CPU
		{FC0DE593-D6DA-CCB6-2BEB-0751F9F9A543}.AppStore|iPhone.Build.0 = Debug|Any CPU
		{FC0DE593-D6DA-CCB6-2BEB-0751F9F9A543}.AppStore|iPhone.Deploy.0 = Debug|Any CPU
		{FC0DE593-D6DA-CCB6-2BEB-0751F9F9A543}.AppStore|iPhoneSimulator.ActiveCfg = Debug|Any CPU
		{FC0DE593-D6DA-CCB6-2BEB-0751F9F9A543}.AppStore|iPhoneSimulator.Build.0 = Debug|Any CPU
		{FC0DE593-D6DA-CCB6-2BEB-0751F9F9A543}.AppStore|iPhoneSimulator.Deploy.0 = Debug|Any CPU
		{FC0DE593-D6DA-CCB6-2BEB-0751F9F9A543}.AppStore|x64.ActiveCfg = Debug|Any CPU
		{FC0DE593-D6DA-CCB6-2BEB-0751F9F9A543}.AppStore|x64.Build.0 = Debug|Any CPU
		{FC0DE593-D6DA-CCB6-2BEB-0751F9F9A543}.AppStore|x64.Deploy.0 = Debug|Any CPU
		{FC0DE593-D6DA-CCB6-2BEB-0751F9F9A543}.AppStore|x86.ActiveCfg = Debug|Any CPU
		{FC0DE593-D6DA-CCB6-2BEB-0751F9F9A543}.AppStore|x86.Build.0 = Debug|Any CPU
		{FC0DE593-D6DA-CCB6-2BEB-0751F9F9A543}.AppStore|x86.Deploy.0 = Debug|Any CPU
		{FC0DE593-D6DA-CCB6-2BEB-0751F9F9A543}.Debug|Any CPU.ActiveCfg = Debug|Any CPU
		{FC0DE593-D6DA-CCB6-2BEB-0751F9F9A543}.Debug|Any CPU.Build.0 = Debug|Any CPU
		{FC0DE593-D6DA-CCB6-2BEB-0751F9F9A543}.Debug|Any CPU.Deploy.0 = Debug|Any CPU
		{FC0DE593-D6DA-CCB6-2BEB-0751F9F9A543}.Debug|ARM.ActiveCfg = Debug|Any CPU
		{FC0DE593-D6DA-CCB6-2BEB-0751F9F9A543}.Debug|ARM.Build.0 = Debug|Any CPU
		{FC0DE593-D6DA-CCB6-2BEB-0751F9F9A543}.Debug|ARM.Deploy.0 = Debug|Any CPU
		{FC0DE593-D6DA-CCB6-2BEB-0751F9F9A543}.Debug|ARM64.ActiveCfg = Debug|Any CPU
		{FC0DE593-D6DA-CCB6-2BEB-0751F9F9A543}.Debug|ARM64.Build.0 = Debug|Any CPU
		{FC0DE593-D6DA-CCB6-2BEB-0751F9F9A543}.Debug|ARM64.Deploy.0 = Debug|Any CPU
		{FC0DE593-D6DA-CCB6-2BEB-0751F9F9A543}.Debug|iPhone.ActiveCfg = Debug|Any CPU
		{FC0DE593-D6DA-CCB6-2BEB-0751F9F9A543}.Debug|iPhone.Build.0 = Debug|Any CPU
		{FC0DE593-D6DA-CCB6-2BEB-0751F9F9A543}.Debug|iPhone.Deploy.0 = Debug|Any CPU
		{FC0DE593-D6DA-CCB6-2BEB-0751F9F9A543}.Debug|iPhoneSimulator.ActiveCfg = Debug|Any CPU
		{FC0DE593-D6DA-CCB6-2BEB-0751F9F9A543}.Debug|iPhoneSimulator.Build.0 = Debug|Any CPU
		{FC0DE593-D6DA-CCB6-2BEB-0751F9F9A543}.Debug|iPhoneSimulator.Deploy.0 = Debug|Any CPU
		{FC0DE593-D6DA-CCB6-2BEB-0751F9F9A543}.Debug|x64.ActiveCfg = Debug|Any CPU
		{FC0DE593-D6DA-CCB6-2BEB-0751F9F9A543}.Debug|x64.Build.0 = Debug|Any CPU
		{FC0DE593-D6DA-CCB6-2BEB-0751F9F9A543}.Debug|x64.Deploy.0 = Debug|Any CPU
		{FC0DE593-D6DA-CCB6-2BEB-0751F9F9A543}.Debug|x86.ActiveCfg = Debug|Any CPU
		{FC0DE593-D6DA-CCB6-2BEB-0751F9F9A543}.Debug|x86.Build.0 = Debug|Any CPU
		{FC0DE593-D6DA-CCB6-2BEB-0751F9F9A543}.Debug|x86.Deploy.0 = Debug|Any CPU
		{FC0DE593-D6DA-CCB6-2BEB-0751F9F9A543}.Release|Any CPU.ActiveCfg = Release|Any CPU
		{FC0DE593-D6DA-CCB6-2BEB-0751F9F9A543}.Release|Any CPU.Build.0 = Release|Any CPU
		{FC0DE593-D6DA-CCB6-2BEB-0751F9F9A543}.Release|Any CPU.Deploy.0 = Release|Any CPU
		{FC0DE593-D6DA-CCB6-2BEB-0751F9F9A543}.Release|ARM.ActiveCfg = Release|Any CPU
		{FC0DE593-D6DA-CCB6-2BEB-0751F9F9A543}.Release|ARM.Build.0 = Release|Any CPU
		{FC0DE593-D6DA-CCB6-2BEB-0751F9F9A543}.Release|ARM.Deploy.0 = Release|Any CPU
		{FC0DE593-D6DA-CCB6-2BEB-0751F9F9A543}.Release|ARM64.ActiveCfg = Release|Any CPU
		{FC0DE593-D6DA-CCB6-2BEB-0751F9F9A543}.Release|ARM64.Build.0 = Release|Any CPU
		{FC0DE593-D6DA-CCB6-2BEB-0751F9F9A543}.Release|ARM64.Deploy.0 = Release|Any CPU
		{FC0DE593-D6DA-CCB6-2BEB-0751F9F9A543}.Release|iPhone.ActiveCfg = Release|Any CPU
		{FC0DE593-D6DA-CCB6-2BEB-0751F9F9A543}.Release|iPhone.Build.0 = Release|Any CPU
		{FC0DE593-D6DA-CCB6-2BEB-0751F9F9A543}.Release|iPhone.Deploy.0 = Release|Any CPU
		{FC0DE593-D6DA-CCB6-2BEB-0751F9F9A543}.Release|iPhoneSimulator.ActiveCfg = Release|Any CPU
		{FC0DE593-D6DA-CCB6-2BEB-0751F9F9A543}.Release|iPhoneSimulator.Build.0 = Release|Any CPU
		{FC0DE593-D6DA-CCB6-2BEB-0751F9F9A543}.Release|iPhoneSimulator.Deploy.0 = Release|Any CPU
		{FC0DE593-D6DA-CCB6-2BEB-0751F9F9A543}.Release|x64.ActiveCfg = Release|Any CPU
		{FC0DE593-D6DA-CCB6-2BEB-0751F9F9A543}.Release|x64.Build.0 = Release|Any CPU
		{FC0DE593-D6DA-CCB6-2BEB-0751F9F9A543}.Release|x64.Deploy.0 = Release|Any CPU
		{FC0DE593-D6DA-CCB6-2BEB-0751F9F9A543}.Release|x86.ActiveCfg = Release|Any CPU
		{FC0DE593-D6DA-CCB6-2BEB-0751F9F9A543}.Release|x86.Build.0 = Release|Any CPU
		{FC0DE593-D6DA-CCB6-2BEB-0751F9F9A543}.Release|x86.Deploy.0 = Release|Any CPU
	EndGlobalSection
	GlobalSection(SolutionProperties) = preSolution
		HideSolutionNode = FALSE
	EndGlobalSection
	GlobalSection(NestedProjects) = preSolution
		{4D530D82-BD72-4D58-969C-2A8BDCD876F2} = {F435E472-6EF0-4739-9D92-A058FA5B039B}
		{D84E95FD-F682-49A2-864A-6EB01873E9CD} = {F435E472-6EF0-4739-9D92-A058FA5B039B}
		{F6DFB396-A9C8-42E6-AB54-799D1456E3EF} = {D84E95FD-F682-49A2-864A-6EB01873E9CD}
		{FC0DE593-D6DA-CCB6-2BEB-0751F9F9A543} = {D84E95FD-F682-49A2-864A-6EB01873E9CD}
	EndGlobalSection
	GlobalSection(ExtensibilityGlobals) = postSolution
		SolutionGuid = {F5304432-D676-40D8-AAB5-9F1CC1904CF2}
	EndGlobalSection
EndGlobal
