
Microsoft Visual Studio Solution File, Format Version 12.00
# Visual Studio Version 17
VisualStudioVersion = 17.1.31903.286
MinimumVisualStudioVersion = 10.0.40219.1
Project("{9A19103F-16F7-4668-BE54-9A1E7A4F7556}") = "Uno.XamlMerge.Task", "Uno.XamlMerge.Task\Uno.XamlMerge.Task.csproj", "{EA38F3A8-DAA9-4885-8D8E-1CC38A70A63A}"
EndProject
Project("{2150E333-8FDC-42A3-9474-1A3956D46DE8}") = "Tests", "Tests", "{F435E472-6EF0-4739-9D92-A058FA5B039B}"
EndProject
Project("{2150E333-8FDC-42A3-9474-1A3956D46DE8}") = "UWP", "UWP", "{B9F3AD0C-1F50-445A-A6F1-88B6892EE9CC}"
EndProject
Project("{9A19103F-16F7-4668-BE54-9A1E7A4F7556}") = "TestLibrary", "UWP\TestLibrary\TestLibrary.csproj", "{2349A143-A4CE-42E4-B904-1F92E8ACC1EE}"
EndProject
Project("{D954291E-2A0B-460D-934E-DC6B0785DB48}") = "XamlMergeUWPTest.Shared", "UWP\XamlMergeUWPTest\XamlMergeUWPTest.Shared\XamlMergeUWPTest.Shared.shproj", "{6279C845-92F8-4333-AB99-3D213163593C}"
EndProject
Project("{2150E333-8FDC-42A3-9474-1A3956D46DE8}") = "Platforms", "Platforms", "{4741C651-A1E7-44C5-9A91-A6D59D1248F1}"
EndProject
Project("{FAE04EC0-301F-11D3-BF4B-00C04F79EFBC}") = "XamlMergeUWPTest.Droid", "UWP\XamlMergeUWPTest\XamlMergeUWPTest.Droid\XamlMergeUWPTest.Droid.csproj", "{F3ADAB09-F459-407B-8920-45EC1CFC7040}"
EndProject
Project("{FAE04EC0-301F-11D3-BF4B-00C04F79EFBC}") = "XamlMergeUWPTest.iOS", "UWP\XamlMergeUWPTest\XamlMergeUWPTest.iOS\XamlMergeUWPTest.iOS.csproj", "{F9497365-F492-4027-BE58-61521EE747AC}"
EndProject
Project("{FAE04EC0-301F-11D3-BF4B-00C04F79EFBC}") = "XamlMergeUWPTest.UWP", "UWP\XamlMergeUWPTest\XamlMergeUWPTest.UWP\XamlMergeUWPTest.UWP.csproj", "{2E9E4FC0-EF26-46EF-BFCF-20A2DA4A748B}"
EndProject
Project("{9A19103F-16F7-4668-BE54-9A1E7A4F7556}") = "XamlMergeUWPTest.Wasm", "UWP\XamlMergeUWPTest\XamlMergeUWPTest.Wasm\XamlMergeUWPTest.Wasm.csproj", "{AE79650A-B18B-4229-B167-ADBCAC2B9679}"
EndProject
Project("{9A19103F-16F7-4668-BE54-9A1E7A4F7556}") = "XamlMergeUWPTest.Skia.Gtk", "UWP\XamlMergeUWPTest\XamlMergeUWPTest.Skia.Gtk\XamlMergeUWPTest.Skia.Gtk.csproj", "{78CF883B-CACB-412F-9571-96211E2E7F7E}"
EndProject
Project("{FAE04EC0-301F-11D3-BF4B-00C04F79EFBC}") = "Uno.XamlMerge.Tests", "Uno.XamlMerge.Tests\Uno.XamlMerge.Tests.csproj", "{4D530D82-BD72-4D58-969C-2A8BDCD876F2}"
EndProject
Global
	GlobalSection(SharedMSBuildProjectFiles) = preSolution
		UWP\XamlMergeUWPTest\XamlMergeUWPTest.Shared\XamlMergeUWPTest.Shared.projitems*{2e9e4fc0-ef26-46ef-bfcf-20a2da4a748b}*SharedItemsImports = 4
		UWP\XamlMergeUWPTest\XamlMergeUWPTest.Shared\XamlMergeUWPTest.Shared.projitems*{6279c845-92f8-4333-ab99-3d213163593c}*SharedItemsImports = 13
		UWP\XamlMergeUWPTest\XamlMergeUWPTest.Shared\XamlMergeUWPTest.Shared.projitems*{78cf883b-cacb-412f-9571-96211e2e7f7e}*SharedItemsImports = 5
		UWP\XamlMergeUWPTest\XamlMergeUWPTest.Shared\XamlMergeUWPTest.Shared.projitems*{ae79650a-b18b-4229-b167-adbcac2b9679}*SharedItemsImports = 5
		UWP\XamlMergeUWPTest\XamlMergeUWPTest.Shared\XamlMergeUWPTest.Shared.projitems*{f3adab09-f459-407b-8920-45ec1cfc7040}*SharedItemsImports = 4
		UWP\XamlMergeUWPTest\XamlMergeUWPTest.Shared\XamlMergeUWPTest.Shared.projitems*{f9497365-f492-4027-be58-61521ee747ac}*SharedItemsImports = 4
	EndGlobalSection
	GlobalSection(SolutionConfigurationPlatforms) = preSolution
		Ad-Hoc|Any CPU = Ad-Hoc|Any CPU
		Ad-Hoc|ARM = Ad-Hoc|ARM
		Ad-Hoc|ARM64 = Ad-Hoc|ARM64
		Ad-Hoc|iPhone = Ad-Hoc|iPhone
		Ad-Hoc|iPhoneSimulator = Ad-Hoc|iPhoneSimulator
		Ad-Hoc|x64 = Ad-Hoc|x64
		Ad-Hoc|x86 = Ad-Hoc|x86
		AppStore|Any CPU = AppStore|Any CPU
		AppStore|ARM = AppStore|ARM
		AppStore|ARM64 = AppStore|ARM64
		AppStore|iPhone = AppStore|iPhone
		AppStore|iPhoneSimulator = AppStore|iPhoneSimulator
		AppStore|x64 = AppStore|x64
		AppStore|x86 = AppStore|x86
		Debug|Any CPU = Debug|Any CPU
		Debug|ARM = Debug|ARM
		Debug|ARM64 = Debug|ARM64
		Debug|iPhone = Debug|iPhone
		Debug|iPhoneSimulator = Debug|iPhoneSimulator
		Debug|x64 = Debug|x64
		Debug|x86 = Debug|x86
		Release|Any CPU = Release|Any CPU
		Release|ARM = Release|ARM
		Release|ARM64 = Release|ARM64
		Release|iPhone = Release|iPhone
		Release|iPhoneSimulator = Release|iPhoneSimulator
		Release|x64 = Release|x64
		Release|x86 = Release|x86
	EndGlobalSection
	GlobalSection(ProjectConfigurationPlatforms) = postSolution
		{EA38F3A8-DAA9-4885-8D8E-1CC38A70A63A}.Ad-Hoc|Any CPU.ActiveCfg = Release|Any CPU
		{EA38F3A8-DAA9-4885-8D8E-1CC38A70A63A}.Ad-Hoc|Any CPU.Build.0 = Release|Any CPU
		{EA38F3A8-DAA9-4885-8D8E-1CC38A70A63A}.Ad-Hoc|ARM.ActiveCfg = Release|Any CPU
		{EA38F3A8-DAA9-4885-8D8E-1CC38A70A63A}.Ad-Hoc|ARM.Build.0 = Release|Any CPU
		{EA38F3A8-DAA9-4885-8D8E-1CC38A70A63A}.Ad-Hoc|ARM64.ActiveCfg = Release|Any CPU
		{EA38F3A8-DAA9-4885-8D8E-1CC38A70A63A}.Ad-Hoc|ARM64.Build.0 = Release|Any CPU
		{EA38F3A8-DAA9-4885-8D8E-1CC38A70A63A}.Ad-Hoc|iPhone.ActiveCfg = Release|Any CPU
		{EA38F3A8-DAA9-4885-8D8E-1CC38A70A63A}.Ad-Hoc|iPhone.Build.0 = Release|Any CPU
		{EA38F3A8-DAA9-4885-8D8E-1CC38A70A63A}.Ad-Hoc|iPhoneSimulator.ActiveCfg = Release|Any CPU
		{EA38F3A8-DAA9-4885-8D8E-1CC38A70A63A}.Ad-Hoc|iPhoneSimulator.Build.0 = Release|Any CPU
		{EA38F3A8-DAA9-4885-8D8E-1CC38A70A63A}.Ad-Hoc|x64.ActiveCfg = Release|Any CPU
		{EA38F3A8-DAA9-4885-8D8E-1CC38A70A63A}.Ad-Hoc|x64.Build.0 = Release|Any CPU
		{EA38F3A8-DAA9-4885-8D8E-1CC38A70A63A}.Ad-Hoc|x86.ActiveCfg = Release|Any CPU
		{EA38F3A8-DAA9-4885-8D8E-1CC38A70A63A}.Ad-Hoc|x86.Build.0 = Release|Any CPU
		{EA38F3A8-DAA9-4885-8D8E-1CC38A70A63A}.AppStore|Any CPU.ActiveCfg = Release|Any CPU
		{EA38F3A8-DAA9-4885-8D8E-1CC38A70A63A}.AppStore|Any CPU.Build.0 = Release|Any CPU
		{EA38F3A8-DAA9-4885-8D8E-1CC38A70A63A}.AppStore|ARM.ActiveCfg = Release|Any CPU
		{EA38F3A8-DAA9-4885-8D8E-1CC38A70A63A}.AppStore|ARM.Build.0 = Release|Any CPU
		{EA38F3A8-DAA9-4885-8D8E-1CC38A70A63A}.AppStore|ARM64.ActiveCfg = Release|Any CPU
		{EA38F3A8-DAA9-4885-8D8E-1CC38A70A63A}.AppStore|ARM64.Build.0 = Release|Any CPU
		{EA38F3A8-DAA9-4885-8D8E-1CC38A70A63A}.AppStore|iPhone.ActiveCfg = Release|Any CPU
		{EA38F3A8-DAA9-4885-8D8E-1CC38A70A63A}.AppStore|iPhone.Build.0 = Release|Any CPU
		{EA38F3A8-DAA9-4885-8D8E-1CC38A70A63A}.AppStore|iPhoneSimulator.ActiveCfg = Release|Any CPU
		{EA38F3A8-DAA9-4885-8D8E-1CC38A70A63A}.AppStore|iPhoneSimulator.Build.0 = Release|Any CPU
		{EA38F3A8-DAA9-4885-8D8E-1CC38A70A63A}.AppStore|x64.ActiveCfg = Release|Any CPU
		{EA38F3A8-DAA9-4885-8D8E-1CC38A70A63A}.AppStore|x64.Build.0 = Release|Any CPU
		{EA38F3A8-DAA9-4885-8D8E-1CC38A70A63A}.AppStore|x86.ActiveCfg = Release|Any CPU
		{EA38F3A8-DAA9-4885-8D8E-1CC38A70A63A}.AppStore|x86.Build.0 = Release|Any CPU
		{EA38F3A8-DAA9-4885-8D8E-1CC38A70A63A}.Debug|Any CPU.ActiveCfg = Debug|Any CPU
		{EA38F3A8-DAA9-4885-8D8E-1CC38A70A63A}.Debug|Any CPU.Build.0 = Debug|Any CPU
		{EA38F3A8-DAA9-4885-8D8E-1CC38A70A63A}.Debug|ARM.ActiveCfg = Debug|Any CPU
		{EA38F3A8-DAA9-4885-8D8E-1CC38A70A63A}.Debug|ARM.Build.0 = Debug|Any CPU
		{EA38F3A8-DAA9-4885-8D8E-1CC38A70A63A}.Debug|ARM64.ActiveCfg = Debug|Any CPU
		{EA38F3A8-DAA9-4885-8D8E-1CC38A70A63A}.Debug|ARM64.Build.0 = Debug|Any CPU
		{EA38F3A8-DAA9-4885-8D8E-1CC38A70A63A}.Debug|iPhone.ActiveCfg = Debug|Any CPU
		{EA38F3A8-DAA9-4885-8D8E-1CC38A70A63A}.Debug|iPhone.Build.0 = Debug|Any CPU
		{EA38F3A8-DAA9-4885-8D8E-1CC38A70A63A}.Debug|iPhoneSimulator.ActiveCfg = Debug|Any CPU
		{EA38F3A8-DAA9-4885-8D8E-1CC38A70A63A}.Debug|iPhoneSimulator.Build.0 = Debug|Any CPU
		{EA38F3A8-DAA9-4885-8D8E-1CC38A70A63A}.Debug|x64.ActiveCfg = Debug|Any CPU
		{EA38F3A8-DAA9-4885-8D8E-1CC38A70A63A}.Debug|x64.Build.0 = Debug|Any CPU
		{EA38F3A8-DAA9-4885-8D8E-1CC38A70A63A}.Debug|x86.ActiveCfg = Debug|Any CPU
		{EA38F3A8-DAA9-4885-8D8E-1CC38A70A63A}.Debug|x86.Build.0 = Debug|Any CPU
		{EA38F3A8-DAA9-4885-8D8E-1CC38A70A63A}.Release|Any CPU.ActiveCfg = Release|Any CPU
		{EA38F3A8-DAA9-4885-8D8E-1CC38A70A63A}.Release|Any CPU.Build.0 = Release|Any CPU
		{EA38F3A8-DAA9-4885-8D8E-1CC38A70A63A}.Release|ARM.ActiveCfg = Release|Any CPU
		{EA38F3A8-DAA9-4885-8D8E-1CC38A70A63A}.Release|ARM.Build.0 = Release|Any CPU
		{EA38F3A8-DAA9-4885-8D8E-1CC38A70A63A}.Release|ARM64.ActiveCfg = Release|Any CPU
		{EA38F3A8-DAA9-4885-8D8E-1CC38A70A63A}.Release|ARM64.Build.0 = Release|Any CPU
		{EA38F3A8-DAA9-4885-8D8E-1CC38A70A63A}.Release|iPhone.ActiveCfg = Release|Any CPU
		{EA38F3A8-DAA9-4885-8D8E-1CC38A70A63A}.Release|iPhone.Build.0 = Release|Any CPU
		{EA38F3A8-DAA9-4885-8D8E-1CC38A70A63A}.Release|iPhoneSimulator.ActiveCfg = Release|Any CPU
		{EA38F3A8-DAA9-4885-8D8E-1CC38A70A63A}.Release|iPhoneSimulator.Build.0 = Release|Any CPU
		{EA38F3A8-DAA9-4885-8D8E-1CC38A70A63A}.Release|x64.ActiveCfg = Release|Any CPU
		{EA38F3A8-DAA9-4885-8D8E-1CC38A70A63A}.Release|x64.Build.0 = Release|Any CPU
		{EA38F3A8-DAA9-4885-8D8E-1CC38A70A63A}.Release|x86.ActiveCfg = Release|Any CPU
		{EA38F3A8-DAA9-4885-8D8E-1CC38A70A63A}.Release|x86.Build.0 = Release|Any CPU
		{2349A143-A4CE-42E4-B904-1F92E8ACC1EE}.Ad-Hoc|Any CPU.ActiveCfg = Debug|Any CPU
		{2349A143-A4CE-42E4-B904-1F92E8ACC1EE}.Ad-Hoc|Any CPU.Build.0 = Debug|Any CPU
		{2349A143-A4CE-42E4-B904-1F92E8ACC1EE}.Ad-Hoc|ARM.ActiveCfg = Debug|Any CPU
		{2349A143-A4CE-42E4-B904-1F92E8ACC1EE}.Ad-Hoc|ARM.Build.0 = Debug|Any CPU
		{2349A143-A4CE-42E4-B904-1F92E8ACC1EE}.Ad-Hoc|ARM64.ActiveCfg = Debug|Any CPU
		{2349A143-A4CE-42E4-B904-1F92E8ACC1EE}.Ad-Hoc|ARM64.Build.0 = Debug|Any CPU
		{2349A143-A4CE-42E4-B904-1F92E8ACC1EE}.Ad-Hoc|iPhone.ActiveCfg = Debug|Any CPU
		{2349A143-A4CE-42E4-B904-1F92E8ACC1EE}.Ad-Hoc|iPhone.Build.0 = Debug|Any CPU
		{2349A143-A4CE-42E4-B904-1F92E8ACC1EE}.Ad-Hoc|iPhoneSimulator.ActiveCfg = Debug|Any CPU
		{2349A143-A4CE-42E4-B904-1F92E8ACC1EE}.Ad-Hoc|iPhoneSimulator.Build.0 = Debug|Any CPU
		{2349A143-A4CE-42E4-B904-1F92E8ACC1EE}.Ad-Hoc|x64.ActiveCfg = Debug|Any CPU
		{2349A143-A4CE-42E4-B904-1F92E8ACC1EE}.Ad-Hoc|x64.Build.0 = Debug|Any CPU
		{2349A143-A4CE-42E4-B904-1F92E8ACC1EE}.Ad-Hoc|x86.ActiveCfg = Debug|Any CPU
		{2349A143-A4CE-42E4-B904-1F92E8ACC1EE}.Ad-Hoc|x86.Build.0 = Debug|Any CPU
		{2349A143-A4CE-42E4-B904-1F92E8ACC1EE}.AppStore|Any CPU.ActiveCfg = Debug|Any CPU
		{2349A143-A4CE-42E4-B904-1F92E8ACC1EE}.AppStore|Any CPU.Build.0 = Debug|Any CPU
		{2349A143-A4CE-42E4-B904-1F92E8ACC1EE}.AppStore|ARM.ActiveCfg = Debug|Any CPU
		{2349A143-A4CE-42E4-B904-1F92E8ACC1EE}.AppStore|ARM.Build.0 = Debug|Any CPU
		{2349A143-A4CE-42E4-B904-1F92E8ACC1EE}.AppStore|ARM64.ActiveCfg = Debug|Any CPU
		{2349A143-A4CE-42E4-B904-1F92E8ACC1EE}.AppStore|ARM64.Build.0 = Debug|Any CPU
		{2349A143-A4CE-42E4-B904-1F92E8ACC1EE}.AppStore|iPhone.ActiveCfg = Debug|Any CPU
		{2349A143-A4CE-42E4-B904-1F92E8ACC1EE}.AppStore|iPhone.Build.0 = Debug|Any CPU
		{2349A143-A4CE-42E4-B904-1F92E8ACC1EE}.AppStore|iPhoneSimulator.ActiveCfg = Debug|Any CPU
		{2349A143-A4CE-42E4-B904-1F92E8ACC1EE}.AppStore|iPhoneSimulator.Build.0 = Debug|Any CPU
		{2349A143-A4CE-42E4-B904-1F92E8ACC1EE}.AppStore|x64.ActiveCfg = Debug|Any CPU
		{2349A143-A4CE-42E4-B904-1F92E8ACC1EE}.AppStore|x64.Build.0 = Debug|Any CPU
		{2349A143-A4CE-42E4-B904-1F92E8ACC1EE}.AppStore|x86.ActiveCfg = Debug|Any CPU
		{2349A143-A4CE-42E4-B904-1F92E8ACC1EE}.AppStore|x86.Build.0 = Debug|Any CPU
		{2349A143-A4CE-42E4-B904-1F92E8ACC1EE}.Debug|Any CPU.ActiveCfg = Debug|Any CPU
		{2349A143-A4CE-42E4-B904-1F92E8ACC1EE}.Debug|Any CPU.Build.0 = Debug|Any CPU
		{2349A143-A4CE-42E4-B904-1F92E8ACC1EE}.Debug|ARM.ActiveCfg = Debug|Any CPU
		{2349A143-A4CE-42E4-B904-1F92E8ACC1EE}.Debug|ARM.Build.0 = Debug|Any CPU
		{2349A143-A4CE-42E4-B904-1F92E8ACC1EE}.Debug|ARM64.ActiveCfg = Debug|Any CPU
		{2349A143-A4CE-42E4-B904-1F92E8ACC1EE}.Debug|ARM64.Build.0 = Debug|Any CPU
		{2349A143-A4CE-42E4-B904-1F92E8ACC1EE}.Debug|iPhone.ActiveCfg = Debug|Any CPU
		{2349A143-A4CE-42E4-B904-1F92E8ACC1EE}.Debug|iPhone.Build.0 = Debug|Any CPU
		{2349A143-A4CE-42E4-B904-1F92E8ACC1EE}.Debug|iPhoneSimulator.ActiveCfg = Debug|Any CPU
		{2349A143-A4CE-42E4-B904-1F92E8ACC1EE}.Debug|iPhoneSimulator.Build.0 = Debug|Any CPU
		{2349A143-A4CE-42E4-B904-1F92E8ACC1EE}.Debug|x64.ActiveCfg = Debug|Any CPU
		{2349A143-A4CE-42E4-B904-1F92E8ACC1EE}.Debug|x64.Build.0 = Debug|Any CPU
		{2349A143-A4CE-42E4-B904-1F92E8ACC1EE}.Debug|x86.ActiveCfg = Debug|Any CPU
		{2349A143-A4CE-42E4-B904-1F92E8ACC1EE}.Debug|x86.Build.0 = Debug|Any CPU
		{2349A143-A4CE-42E4-B904-1F92E8ACC1EE}.Release|Any CPU.ActiveCfg = Release|Any CPU
		{2349A143-A4CE-42E4-B904-1F92E8ACC1EE}.Release|Any CPU.Build.0 = Release|Any CPU
		{2349A143-A4CE-42E4-B904-1F92E8ACC1EE}.Release|ARM.ActiveCfg = Release|Any CPU
		{2349A143-A4CE-42E4-B904-1F92E8ACC1EE}.Release|ARM.Build.0 = Release|Any CPU
		{2349A143-A4CE-42E4-B904-1F92E8ACC1EE}.Release|ARM64.ActiveCfg = Release|Any CPU
		{2349A143-A4CE-42E4-B904-1F92E8ACC1EE}.Release|ARM64.Build.0 = Release|Any CPU
		{2349A143-A4CE-42E4-B904-1F92E8ACC1EE}.Release|iPhone.ActiveCfg = Release|Any CPU
		{2349A143-A4CE-42E4-B904-1F92E8ACC1EE}.Release|iPhone.Build.0 = Release|Any CPU
		{2349A143-A4CE-42E4-B904-1F92E8ACC1EE}.Release|iPhoneSimulator.ActiveCfg = Release|Any CPU
		{2349A143-A4CE-42E4-B904-1F92E8ACC1EE}.Release|iPhoneSimulator.Build.0 = Release|Any CPU
		{2349A143-A4CE-42E4-B904-1F92E8ACC1EE}.Release|x64.ActiveCfg = Release|Any CPU
		{2349A143-A4CE-42E4-B904-1F92E8ACC1EE}.Release|x64.Build.0 = Release|Any CPU
		{2349A143-A4CE-42E4-B904-1F92E8ACC1EE}.Release|x86.ActiveCfg = Release|Any CPU
		{2349A143-A4CE-42E4-B904-1F92E8ACC1EE}.Release|x86.Build.0 = Release|Any CPU
		{F3ADAB09-F459-407B-8920-45EC1CFC7040}.Ad-Hoc|Any CPU.ActiveCfg = Debug|Any CPU
		{F3ADAB09-F459-407B-8920-45EC1CFC7040}.Ad-Hoc|Any CPU.Build.0 = Debug|Any CPU
		{F3ADAB09-F459-407B-8920-45EC1CFC7040}.Ad-Hoc|Any CPU.Deploy.0 = Debug|Any CPU
		{F3ADAB09-F459-407B-8920-45EC1CFC7040}.Ad-Hoc|ARM.ActiveCfg = Debug|Any CPU
		{F3ADAB09-F459-407B-8920-45EC1CFC7040}.Ad-Hoc|ARM.Build.0 = Debug|Any CPU
		{F3ADAB09-F459-407B-8920-45EC1CFC7040}.Ad-Hoc|ARM.Deploy.0 = Debug|Any CPU
		{F3ADAB09-F459-407B-8920-45EC1CFC7040}.Ad-Hoc|ARM64.ActiveCfg = Debug|Any CPU
		{F3ADAB09-F459-407B-8920-45EC1CFC7040}.Ad-Hoc|ARM64.Build.0 = Debug|Any CPU
		{F3ADAB09-F459-407B-8920-45EC1CFC7040}.Ad-Hoc|ARM64.Deploy.0 = Debug|Any CPU
		{F3ADAB09-F459-407B-8920-45EC1CFC7040}.Ad-Hoc|iPhone.ActiveCfg = Debug|Any CPU
		{F3ADAB09-F459-407B-8920-45EC1CFC7040}.Ad-Hoc|iPhone.Build.0 = Debug|Any CPU
		{F3ADAB09-F459-407B-8920-45EC1CFC7040}.Ad-Hoc|iPhone.Deploy.0 = Debug|Any CPU
		{F3ADAB09-F459-407B-8920-45EC1CFC7040}.Ad-Hoc|iPhoneSimulator.ActiveCfg = Debug|Any CPU
		{F3ADAB09-F459-407B-8920-45EC1CFC7040}.Ad-Hoc|iPhoneSimulator.Build.0 = Debug|Any CPU
		{F3ADAB09-F459-407B-8920-45EC1CFC7040}.Ad-Hoc|iPhoneSimulator.Deploy.0 = Debug|Any CPU
		{F3ADAB09-F459-407B-8920-45EC1CFC7040}.Ad-Hoc|x64.ActiveCfg = Debug|Any CPU
		{F3ADAB09-F459-407B-8920-45EC1CFC7040}.Ad-Hoc|x64.Build.0 = Debug|Any CPU
		{F3ADAB09-F459-407B-8920-45EC1CFC7040}.Ad-Hoc|x64.Deploy.0 = Debug|Any CPU
		{F3ADAB09-F459-407B-8920-45EC1CFC7040}.Ad-Hoc|x86.ActiveCfg = Debug|Any CPU
		{F3ADAB09-F459-407B-8920-45EC1CFC7040}.Ad-Hoc|x86.Build.0 = Debug|Any CPU
		{F3ADAB09-F459-407B-8920-45EC1CFC7040}.Ad-Hoc|x86.Deploy.0 = Debug|Any CPU
		{F3ADAB09-F459-407B-8920-45EC1CFC7040}.AppStore|Any CPU.ActiveCfg = Debug|Any CPU
		{F3ADAB09-F459-407B-8920-45EC1CFC7040}.AppStore|Any CPU.Build.0 = Debug|Any CPU
		{F3ADAB09-F459-407B-8920-45EC1CFC7040}.AppStore|Any CPU.Deploy.0 = Debug|Any CPU
		{F3ADAB09-F459-407B-8920-45EC1CFC7040}.AppStore|ARM.ActiveCfg = Debug|Any CPU
		{F3ADAB09-F459-407B-8920-45EC1CFC7040}.AppStore|ARM.Build.0 = Debug|Any CPU
		{F3ADAB09-F459-407B-8920-45EC1CFC7040}.AppStore|ARM.Deploy.0 = Debug|Any CPU
		{F3ADAB09-F459-407B-8920-45EC1CFC7040}.AppStore|ARM64.ActiveCfg = Debug|Any CPU
		{F3ADAB09-F459-407B-8920-45EC1CFC7040}.AppStore|ARM64.Build.0 = Debug|Any CPU
		{F3ADAB09-F459-407B-8920-45EC1CFC7040}.AppStore|ARM64.Deploy.0 = Debug|Any CPU
		{F3ADAB09-F459-407B-8920-45EC1CFC7040}.AppStore|iPhone.ActiveCfg = Debug|Any CPU
		{F3ADAB09-F459-407B-8920-45EC1CFC7040}.AppStore|iPhone.Build.0 = Debug|Any CPU
		{F3ADAB09-F459-407B-8920-45EC1CFC7040}.AppStore|iPhone.Deploy.0 = Debug|Any CPU
		{F3ADAB09-F459-407B-8920-45EC1CFC7040}.AppStore|iPhoneSimulator.ActiveCfg = Debug|Any CPU
		{F3ADAB09-F459-407B-8920-45EC1CFC7040}.AppStore|iPhoneSimulator.Build.0 = Debug|Any CPU
		{F3ADAB09-F459-407B-8920-45EC1CFC7040}.AppStore|iPhoneSimulator.Deploy.0 = Debug|Any CPU
		{F3ADAB09-F459-407B-8920-45EC1CFC7040}.AppStore|x64.ActiveCfg = Debug|Any CPU
		{F3ADAB09-F459-407B-8920-45EC1CFC7040}.AppStore|x64.Build.0 = Debug|Any CPU
		{F3ADAB09-F459-407B-8920-45EC1CFC7040}.AppStore|x64.Deploy.0 = Debug|Any CPU
		{F3ADAB09-F459-407B-8920-45EC1CFC7040}.AppStore|x86.ActiveCfg = Debug|Any CPU
		{F3ADAB09-F459-407B-8920-45EC1CFC7040}.AppStore|x86.Build.0 = Debug|Any CPU
		{F3ADAB09-F459-407B-8920-45EC1CFC7040}.AppStore|x86.Deploy.0 = Debug|Any CPU
		{F3ADAB09-F459-407B-8920-45EC1CFC7040}.Debug|Any CPU.ActiveCfg = Debug|Any CPU
		{F3ADAB09-F459-407B-8920-45EC1CFC7040}.Debug|Any CPU.Build.0 = Debug|Any CPU
		{F3ADAB09-F459-407B-8920-45EC1CFC7040}.Debug|Any CPU.Deploy.0 = Debug|Any CPU
		{F3ADAB09-F459-407B-8920-45EC1CFC7040}.Debug|ARM.ActiveCfg = Debug|Any CPU
		{F3ADAB09-F459-407B-8920-45EC1CFC7040}.Debug|ARM.Build.0 = Debug|Any CPU
		{F3ADAB09-F459-407B-8920-45EC1CFC7040}.Debug|ARM.Deploy.0 = Debug|Any CPU
		{F3ADAB09-F459-407B-8920-45EC1CFC7040}.Debug|ARM64.ActiveCfg = Debug|Any CPU
		{F3ADAB09-F459-407B-8920-45EC1CFC7040}.Debug|ARM64.Build.0 = Debug|Any CPU
		{F3ADAB09-F459-407B-8920-45EC1CFC7040}.Debug|ARM64.Deploy.0 = Debug|Any CPU
		{F3ADAB09-F459-407B-8920-45EC1CFC7040}.Debug|iPhone.ActiveCfg = Debug|Any CPU
		{F3ADAB09-F459-407B-8920-45EC1CFC7040}.Debug|iPhone.Build.0 = Debug|Any CPU
		{F3ADAB09-F459-407B-8920-45EC1CFC7040}.Debug|iPhone.Deploy.0 = Debug|Any CPU
		{F3ADAB09-F459-407B-8920-45EC1CFC7040}.Debug|iPhoneSimulator.ActiveCfg = Debug|Any CPU
		{F3ADAB09-F459-407B-8920-45EC1CFC7040}.Debug|iPhoneSimulator.Build.0 = Debug|Any CPU
		{F3ADAB09-F459-407B-8920-45EC1CFC7040}.Debug|iPhoneSimulator.Deploy.0 = Debug|Any CPU
		{F3ADAB09-F459-407B-8920-45EC1CFC7040}.Debug|x64.ActiveCfg = Debug|Any CPU
		{F3ADAB09-F459-407B-8920-45EC1CFC7040}.Debug|x64.Build.0 = Debug|Any CPU
		{F3ADAB09-F459-407B-8920-45EC1CFC7040}.Debug|x64.Deploy.0 = Debug|Any CPU
		{F3ADAB09-F459-407B-8920-45EC1CFC7040}.Debug|x86.ActiveCfg = Debug|Any CPU
		{F3ADAB09-F459-407B-8920-45EC1CFC7040}.Debug|x86.Build.0 = Debug|Any CPU
		{F3ADAB09-F459-407B-8920-45EC1CFC7040}.Debug|x86.Deploy.0 = Debug|Any CPU
		{F3ADAB09-F459-407B-8920-45EC1CFC7040}.Release|Any CPU.ActiveCfg = Release|Any CPU
		{F3ADAB09-F459-407B-8920-45EC1CFC7040}.Release|Any CPU.Build.0 = Release|Any CPU
		{F3ADAB09-F459-407B-8920-45EC1CFC7040}.Release|Any CPU.Deploy.0 = Release|Any CPU
		{F3ADAB09-F459-407B-8920-45EC1CFC7040}.Release|ARM.ActiveCfg = Release|Any CPU
		{F3ADAB09-F459-407B-8920-45EC1CFC7040}.Release|ARM.Build.0 = Release|Any CPU
		{F3ADAB09-F459-407B-8920-45EC1CFC7040}.Release|ARM.Deploy.0 = Release|Any CPU
		{F3ADAB09-F459-407B-8920-45EC1CFC7040}.Release|ARM64.ActiveCfg = Release|Any CPU
		{F3ADAB09-F459-407B-8920-45EC1CFC7040}.Release|ARM64.Build.0 = Release|Any CPU
		{F3ADAB09-F459-407B-8920-45EC1CFC7040}.Release|ARM64.Deploy.0 = Release|Any CPU
		{F3ADAB09-F459-407B-8920-45EC1CFC7040}.Release|iPhone.ActiveCfg = Release|Any CPU
		{F3ADAB09-F459-407B-8920-45EC1CFC7040}.Release|iPhone.Build.0 = Release|Any CPU
		{F3ADAB09-F459-407B-8920-45EC1CFC7040}.Release|iPhone.Deploy.0 = Release|Any CPU
		{F3ADAB09-F459-407B-8920-45EC1CFC7040}.Release|iPhoneSimulator.ActiveCfg = Release|Any CPU
		{F3ADAB09-F459-407B-8920-45EC1CFC7040}.Release|iPhoneSimulator.Build.0 = Release|Any CPU
		{F3ADAB09-F459-407B-8920-45EC1CFC7040}.Release|iPhoneSimulator.Deploy.0 = Release|Any CPU
		{F3ADAB09-F459-407B-8920-45EC1CFC7040}.Release|x64.ActiveCfg = Release|Any CPU
		{F3ADAB09-F459-407B-8920-45EC1CFC7040}.Release|x64.Build.0 = Release|Any CPU
		{F3ADAB09-F459-407B-8920-45EC1CFC7040}.Release|x64.Deploy.0 = Release|Any CPU
		{F3ADAB09-F459-407B-8920-45EC1CFC7040}.Release|x86.ActiveCfg = Release|Any CPU
		{F3ADAB09-F459-407B-8920-45EC1CFC7040}.Release|x86.Build.0 = Release|Any CPU
		{F3ADAB09-F459-407B-8920-45EC1CFC7040}.Release|x86.Deploy.0 = Release|Any CPU
		{F9497365-F492-4027-BE58-61521EE747AC}.Ad-Hoc|Any CPU.ActiveCfg = Ad-Hoc|iPhoneSimulator
		{F9497365-F492-4027-BE58-61521EE747AC}.Ad-Hoc|Any CPU.Build.0 = Ad-Hoc|iPhoneSimulator
		{F9497365-F492-4027-BE58-61521EE747AC}.Ad-Hoc|ARM.ActiveCfg = Ad-Hoc|iPhoneSimulator
		{F9497365-F492-4027-BE58-61521EE747AC}.Ad-Hoc|ARM.Build.0 = Ad-Hoc|iPhoneSimulator
		{F9497365-F492-4027-BE58-61521EE747AC}.Ad-Hoc|ARM64.ActiveCfg = Ad-Hoc|iPhoneSimulator
		{F9497365-F492-4027-BE58-61521EE747AC}.Ad-Hoc|ARM64.Build.0 = Ad-Hoc|iPhoneSimulator
		{F9497365-F492-4027-BE58-61521EE747AC}.Ad-Hoc|iPhone.ActiveCfg = Ad-Hoc|iPhone
		{F9497365-F492-4027-BE58-61521EE747AC}.Ad-Hoc|iPhone.Build.0 = Ad-Hoc|iPhone
		{F9497365-F492-4027-BE58-61521EE747AC}.Ad-Hoc|iPhoneSimulator.ActiveCfg = Ad-Hoc|iPhoneSimulator
		{F9497365-F492-4027-BE58-61521EE747AC}.Ad-Hoc|iPhoneSimulator.Build.0 = Ad-Hoc|iPhoneSimulator
		{F9497365-F492-4027-BE58-61521EE747AC}.Ad-Hoc|x64.ActiveCfg = Ad-Hoc|iPhoneSimulator
		{F9497365-F492-4027-BE58-61521EE747AC}.Ad-Hoc|x64.Build.0 = Ad-Hoc|iPhoneSimulator
		{F9497365-F492-4027-BE58-61521EE747AC}.Ad-Hoc|x86.ActiveCfg = Ad-Hoc|iPhoneSimulator
		{F9497365-F492-4027-BE58-61521EE747AC}.Ad-Hoc|x86.Build.0 = Ad-Hoc|iPhoneSimulator
		{F9497365-F492-4027-BE58-61521EE747AC}.AppStore|Any CPU.ActiveCfg = AppStore|iPhoneSimulator
		{F9497365-F492-4027-BE58-61521EE747AC}.AppStore|Any CPU.Build.0 = AppStore|iPhoneSimulator
		{F9497365-F492-4027-BE58-61521EE747AC}.AppStore|ARM.ActiveCfg = AppStore|iPhoneSimulator
		{F9497365-F492-4027-BE58-61521EE747AC}.AppStore|ARM.Build.0 = AppStore|iPhoneSimulator
		{F9497365-F492-4027-BE58-61521EE747AC}.AppStore|ARM64.ActiveCfg = AppStore|iPhoneSimulator
		{F9497365-F492-4027-BE58-61521EE747AC}.AppStore|ARM64.Build.0 = AppStore|iPhoneSimulator
		{F9497365-F492-4027-BE58-61521EE747AC}.AppStore|iPhone.ActiveCfg = AppStore|iPhone
		{F9497365-F492-4027-BE58-61521EE747AC}.AppStore|iPhone.Build.0 = AppStore|iPhone
		{F9497365-F492-4027-BE58-61521EE747AC}.AppStore|iPhoneSimulator.ActiveCfg = AppStore|iPhoneSimulator
		{F9497365-F492-4027-BE58-61521EE747AC}.AppStore|iPhoneSimulator.Build.0 = AppStore|iPhoneSimulator
		{F9497365-F492-4027-BE58-61521EE747AC}.AppStore|x64.ActiveCfg = AppStore|iPhoneSimulator
		{F9497365-F492-4027-BE58-61521EE747AC}.AppStore|x64.Build.0 = AppStore|iPhoneSimulator
		{F9497365-F492-4027-BE58-61521EE747AC}.AppStore|x86.ActiveCfg = AppStore|iPhoneSimulator
		{F9497365-F492-4027-BE58-61521EE747AC}.AppStore|x86.Build.0 = AppStore|iPhoneSimulator
		{F9497365-F492-4027-BE58-61521EE747AC}.Debug|Any CPU.ActiveCfg = Debug|iPhoneSimulator
		{F9497365-F492-4027-BE58-61521EE747AC}.Debug|Any CPU.Build.0 = Debug|iPhoneSimulator
		{F9497365-F492-4027-BE58-61521EE747AC}.Debug|ARM.ActiveCfg = Debug|iPhoneSimulator
		{F9497365-F492-4027-BE58-61521EE747AC}.Debug|ARM.Build.0 = Debug|iPhoneSimulator
		{F9497365-F492-4027-BE58-61521EE747AC}.Debug|ARM64.ActiveCfg = Debug|iPhoneSimulator
		{F9497365-F492-4027-BE58-61521EE747AC}.Debug|ARM64.Build.0 = Debug|iPhoneSimulator
		{F9497365-F492-4027-BE58-61521EE747AC}.Debug|iPhone.ActiveCfg = Debug|iPhone
		{F9497365-F492-4027-BE58-61521EE747AC}.Debug|iPhone.Build.0 = Debug|iPhone
		{F9497365-F492-4027-BE58-61521EE747AC}.Debug|iPhoneSimulator.ActiveCfg = Debug|iPhoneSimulator
		{F9497365-F492-4027-BE58-61521EE747AC}.Debug|iPhoneSimulator.Build.0 = Debug|iPhoneSimulator
		{F9497365-F492-4027-BE58-61521EE747AC}.Debug|x64.ActiveCfg = Debug|iPhoneSimulator
		{F9497365-F492-4027-BE58-61521EE747AC}.Debug|x64.Build.0 = Debug|iPhoneSimulator
		{F9497365-F492-4027-BE58-61521EE747AC}.Debug|x86.ActiveCfg = Debug|iPhoneSimulator
		{F9497365-F492-4027-BE58-61521EE747AC}.Debug|x86.Build.0 = Debug|iPhoneSimulator
		{F9497365-F492-4027-BE58-61521EE747AC}.Release|Any CPU.ActiveCfg = Release|iPhoneSimulator
		{F9497365-F492-4027-BE58-61521EE747AC}.Release|Any CPU.Build.0 = Release|iPhoneSimulator
		{F9497365-F492-4027-BE58-61521EE747AC}.Release|ARM.ActiveCfg = Release|iPhoneSimulator
		{F9497365-F492-4027-BE58-61521EE747AC}.Release|ARM.Build.0 = Release|iPhoneSimulator
		{F9497365-F492-4027-BE58-61521EE747AC}.Release|ARM64.ActiveCfg = Release|iPhoneSimulator
		{F9497365-F492-4027-BE58-61521EE747AC}.Release|ARM64.Build.0 = Release|iPhoneSimulator
		{F9497365-F492-4027-BE58-61521EE747AC}.Release|iPhone.ActiveCfg = Release|iPhone
		{F9497365-F492-4027-BE58-61521EE747AC}.Release|iPhone.Build.0 = Release|iPhone
		{F9497365-F492-4027-BE58-61521EE747AC}.Release|iPhoneSimulator.ActiveCfg = Release|iPhoneSimulator
		{F9497365-F492-4027-BE58-61521EE747AC}.Release|iPhoneSimulator.Build.0 = Release|iPhoneSimulator
		{F9497365-F492-4027-BE58-61521EE747AC}.Release|x64.ActiveCfg = Release|iPhoneSimulator
		{F9497365-F492-4027-BE58-61521EE747AC}.Release|x64.Build.0 = Release|iPhoneSimulator
		{F9497365-F492-4027-BE58-61521EE747AC}.Release|x86.ActiveCfg = Release|iPhoneSimulator
		{F9497365-F492-4027-BE58-61521EE747AC}.Release|x86.Build.0 = Release|iPhoneSimulator
		{2E9E4FC0-EF26-46EF-BFCF-20A2DA4A748B}.Ad-Hoc|Any CPU.ActiveCfg = Release|x86
		{2E9E4FC0-EF26-46EF-BFCF-20A2DA4A748B}.Ad-Hoc|Any CPU.Build.0 = Release|x86
		{2E9E4FC0-EF26-46EF-BFCF-20A2DA4A748B}.Ad-Hoc|Any CPU.Deploy.0 = Release|x86
		{2E9E4FC0-EF26-46EF-BFCF-20A2DA4A748B}.Ad-Hoc|ARM.ActiveCfg = Release|ARM
		{2E9E4FC0-EF26-46EF-BFCF-20A2DA4A748B}.Ad-Hoc|ARM.Build.0 = Release|ARM
		{2E9E4FC0-EF26-46EF-BFCF-20A2DA4A748B}.Ad-Hoc|ARM.Deploy.0 = Release|ARM
		{2E9E4FC0-EF26-46EF-BFCF-20A2DA4A748B}.Ad-Hoc|ARM64.ActiveCfg = Release|ARM64
		{2E9E4FC0-EF26-46EF-BFCF-20A2DA4A748B}.Ad-Hoc|ARM64.Build.0 = Release|ARM64
		{2E9E4FC0-EF26-46EF-BFCF-20A2DA4A748B}.Ad-Hoc|ARM64.Deploy.0 = Release|ARM64
		{2E9E4FC0-EF26-46EF-BFCF-20A2DA4A748B}.Ad-Hoc|iPhone.ActiveCfg = Release|x86
		{2E9E4FC0-EF26-46EF-BFCF-20A2DA4A748B}.Ad-Hoc|iPhone.Build.0 = Release|x86
		{2E9E4FC0-EF26-46EF-BFCF-20A2DA4A748B}.Ad-Hoc|iPhone.Deploy.0 = Release|x86
		{2E9E4FC0-EF26-46EF-BFCF-20A2DA4A748B}.Ad-Hoc|iPhoneSimulator.ActiveCfg = Release|x86
		{2E9E4FC0-EF26-46EF-BFCF-20A2DA4A748B}.Ad-Hoc|iPhoneSimulator.Build.0 = Release|x86
		{2E9E4FC0-EF26-46EF-BFCF-20A2DA4A748B}.Ad-Hoc|iPhoneSimulator.Deploy.0 = Release|x86
		{2E9E4FC0-EF26-46EF-BFCF-20A2DA4A748B}.Ad-Hoc|x64.ActiveCfg = Release|x64
		{2E9E4FC0-EF26-46EF-BFCF-20A2DA4A748B}.Ad-Hoc|x64.Build.0 = Release|x64
		{2E9E4FC0-EF26-46EF-BFCF-20A2DA4A748B}.Ad-Hoc|x64.Deploy.0 = Release|x64
		{2E9E4FC0-EF26-46EF-BFCF-20A2DA4A748B}.Ad-Hoc|x86.ActiveCfg = Release|x86
		{2E9E4FC0-EF26-46EF-BFCF-20A2DA4A748B}.Ad-Hoc|x86.Build.0 = Release|x86
		{2E9E4FC0-EF26-46EF-BFCF-20A2DA4A748B}.Ad-Hoc|x86.Deploy.0 = Release|x86
		{2E9E4FC0-EF26-46EF-BFCF-20A2DA4A748B}.AppStore|Any CPU.ActiveCfg = Release|x86
		{2E9E4FC0-EF26-46EF-BFCF-20A2DA4A748B}.AppStore|Any CPU.Build.0 = Release|x86
		{2E9E4FC0-EF26-46EF-BFCF-20A2DA4A748B}.AppStore|Any CPU.Deploy.0 = Release|x86
		{2E9E4FC0-EF26-46EF-BFCF-20A2DA4A748B}.AppStore|ARM.ActiveCfg = Release|ARM
		{2E9E4FC0-EF26-46EF-BFCF-20A2DA4A748B}.AppStore|ARM.Build.0 = Release|ARM
		{2E9E4FC0-EF26-46EF-BFCF-20A2DA4A748B}.AppStore|ARM.Deploy.0 = Release|ARM
		{2E9E4FC0-EF26-46EF-BFCF-20A2DA4A748B}.AppStore|ARM64.ActiveCfg = Release|ARM64
		{2E9E4FC0-EF26-46EF-BFCF-20A2DA4A748B}.AppStore|ARM64.Build.0 = Release|ARM64
		{2E9E4FC0-EF26-46EF-BFCF-20A2DA4A748B}.AppStore|ARM64.Deploy.0 = Release|ARM64
		{2E9E4FC0-EF26-46EF-BFCF-20A2DA4A748B}.AppStore|iPhone.ActiveCfg = Release|x86
		{2E9E4FC0-EF26-46EF-BFCF-20A2DA4A748B}.AppStore|iPhone.Build.0 = Release|x86
		{2E9E4FC0-EF26-46EF-BFCF-20A2DA4A748B}.AppStore|iPhone.Deploy.0 = Release|x86
		{2E9E4FC0-EF26-46EF-BFCF-20A2DA4A748B}.AppStore|iPhoneSimulator.ActiveCfg = Release|x86
		{2E9E4FC0-EF26-46EF-BFCF-20A2DA4A748B}.AppStore|iPhoneSimulator.Build.0 = Release|x86
		{2E9E4FC0-EF26-46EF-BFCF-20A2DA4A748B}.AppStore|iPhoneSimulator.Deploy.0 = Release|x86
		{2E9E4FC0-EF26-46EF-BFCF-20A2DA4A748B}.AppStore|x64.ActiveCfg = Release|x64
		{2E9E4FC0-EF26-46EF-BFCF-20A2DA4A748B}.AppStore|x64.Build.0 = Release|x64
		{2E9E4FC0-EF26-46EF-BFCF-20A2DA4A748B}.AppStore|x64.Deploy.0 = Release|x64
		{2E9E4FC0-EF26-46EF-BFCF-20A2DA4A748B}.AppStore|x86.ActiveCfg = Release|x86
		{2E9E4FC0-EF26-46EF-BFCF-20A2DA4A748B}.AppStore|x86.Build.0 = Release|x86
		{2E9E4FC0-EF26-46EF-BFCF-20A2DA4A748B}.AppStore|x86.Deploy.0 = Release|x86
		{2E9E4FC0-EF26-46EF-BFCF-20A2DA4A748B}.Debug|Any CPU.ActiveCfg = Debug|x64
		{2E9E4FC0-EF26-46EF-BFCF-20A2DA4A748B}.Debug|Any CPU.Build.0 = Debug|x64
		{2E9E4FC0-EF26-46EF-BFCF-20A2DA4A748B}.Debug|Any CPU.Deploy.0 = Debug|x64
		{2E9E4FC0-EF26-46EF-BFCF-20A2DA4A748B}.Debug|ARM.ActiveCfg = Debug|ARM
		{2E9E4FC0-EF26-46EF-BFCF-20A2DA4A748B}.Debug|ARM.Build.0 = Debug|ARM
		{2E9E4FC0-EF26-46EF-BFCF-20A2DA4A748B}.Debug|ARM.Deploy.0 = Debug|ARM
		{2E9E4FC0-EF26-46EF-BFCF-20A2DA4A748B}.Debug|ARM64.ActiveCfg = Debug|ARM64
		{2E9E4FC0-EF26-46EF-BFCF-20A2DA4A748B}.Debug|ARM64.Build.0 = Debug|ARM64
		{2E9E4FC0-EF26-46EF-BFCF-20A2DA4A748B}.Debug|ARM64.Deploy.0 = Debug|ARM64
		{2E9E4FC0-EF26-46EF-BFCF-20A2DA4A748B}.Debug|iPhone.ActiveCfg = Debug|x64
		{2E9E4FC0-EF26-46EF-BFCF-20A2DA4A748B}.Debug|iPhone.Build.0 = Debug|x64
		{2E9E4FC0-EF26-46EF-BFCF-20A2DA4A748B}.Debug|iPhone.Deploy.0 = Debug|x64
		{2E9E4FC0-EF26-46EF-BFCF-20A2DA4A748B}.Debug|iPhoneSimulator.ActiveCfg = Debug|x64
		{2E9E4FC0-EF26-46EF-BFCF-20A2DA4A748B}.Debug|iPhoneSimulator.Build.0 = Debug|x64
		{2E9E4FC0-EF26-46EF-BFCF-20A2DA4A748B}.Debug|iPhoneSimulator.Deploy.0 = Debug|x64
		{2E9E4FC0-EF26-46EF-BFCF-20A2DA4A748B}.Debug|x64.ActiveCfg = Debug|x64
		{2E9E4FC0-EF26-46EF-BFCF-20A2DA4A748B}.Debug|x64.Build.0 = Debug|x64
		{2E9E4FC0-EF26-46EF-BFCF-20A2DA4A748B}.Debug|x64.Deploy.0 = Debug|x64
		{2E9E4FC0-EF26-46EF-BFCF-20A2DA4A748B}.Debug|x86.ActiveCfg = Debug|x86
		{2E9E4FC0-EF26-46EF-BFCF-20A2DA4A748B}.Debug|x86.Build.0 = Debug|x86
		{2E9E4FC0-EF26-46EF-BFCF-20A2DA4A748B}.Debug|x86.Deploy.0 = Debug|x86
		{2E9E4FC0-EF26-46EF-BFCF-20A2DA4A748B}.Release|Any CPU.ActiveCfg = Release|x64
		{2E9E4FC0-EF26-46EF-BFCF-20A2DA4A748B}.Release|Any CPU.Build.0 = Release|x64
		{2E9E4FC0-EF26-46EF-BFCF-20A2DA4A748B}.Release|Any CPU.Deploy.0 = Release|x64
		{2E9E4FC0-EF26-46EF-BFCF-20A2DA4A748B}.Release|ARM.ActiveCfg = Release|ARM
		{2E9E4FC0-EF26-46EF-BFCF-20A2DA4A748B}.Release|ARM.Build.0 = Release|ARM
		{2E9E4FC0-EF26-46EF-BFCF-20A2DA4A748B}.Release|ARM.Deploy.0 = Release|ARM
		{2E9E4FC0-EF26-46EF-BFCF-20A2DA4A748B}.Release|ARM64.ActiveCfg = Release|ARM64
		{2E9E4FC0-EF26-46EF-BFCF-20A2DA4A748B}.Release|ARM64.Build.0 = Release|ARM64
		{2E9E4FC0-EF26-46EF-BFCF-20A2DA4A748B}.Release|ARM64.Deploy.0 = Release|ARM64
		{2E9E4FC0-EF26-46EF-BFCF-20A2DA4A748B}.Release|iPhone.ActiveCfg = Release|x64
		{2E9E4FC0-EF26-46EF-BFCF-20A2DA4A748B}.Release|iPhone.Build.0 = Release|x64
		{2E9E4FC0-EF26-46EF-BFCF-20A2DA4A748B}.Release|iPhone.Deploy.0 = Release|x64
		{2E9E4FC0-EF26-46EF-BFCF-20A2DA4A748B}.Release|iPhoneSimulator.ActiveCfg = Release|x64
		{2E9E4FC0-EF26-46EF-BFCF-20A2DA4A748B}.Release|iPhoneSimulator.Build.0 = Release|x64
		{2E9E4FC0-EF26-46EF-BFCF-20A2DA4A748B}.Release|iPhoneSimulator.Deploy.0 = Release|x64
		{2E9E4FC0-EF26-46EF-BFCF-20A2DA4A748B}.Release|x64.ActiveCfg = Release|x64
		{2E9E4FC0-EF26-46EF-BFCF-20A2DA4A748B}.Release|x64.Build.0 = Release|x64
		{2E9E4FC0-EF26-46EF-BFCF-20A2DA4A748B}.Release|x64.Deploy.0 = Release|x64
		{2E9E4FC0-EF26-46EF-BFCF-20A2DA4A748B}.Release|x86.ActiveCfg = Release|x86
		{2E9E4FC0-EF26-46EF-BFCF-20A2DA4A748B}.Release|x86.Build.0 = Release|x86
		{2E9E4FC0-EF26-46EF-BFCF-20A2DA4A748B}.Release|x86.Deploy.0 = Release|x86
		{AE79650A-B18B-4229-B167-ADBCAC2B9679}.Ad-Hoc|Any CPU.ActiveCfg = Debug|Any CPU
		{AE79650A-B18B-4229-B167-ADBCAC2B9679}.Ad-Hoc|Any CPU.Build.0 = Debug|Any CPU
		{AE79650A-B18B-4229-B167-ADBCAC2B9679}.Ad-Hoc|ARM.ActiveCfg = Debug|Any CPU
		{AE79650A-B18B-4229-B167-ADBCAC2B9679}.Ad-Hoc|ARM.Build.0 = Debug|Any CPU
		{AE79650A-B18B-4229-B167-ADBCAC2B9679}.Ad-Hoc|ARM64.ActiveCfg = Debug|Any CPU
		{AE79650A-B18B-4229-B167-ADBCAC2B9679}.Ad-Hoc|ARM64.Build.0 = Debug|Any CPU
		{AE79650A-B18B-4229-B167-ADBCAC2B9679}.Ad-Hoc|iPhone.ActiveCfg = Debug|Any CPU
		{AE79650A-B18B-4229-B167-ADBCAC2B9679}.Ad-Hoc|iPhone.Build.0 = Debug|Any CPU
		{AE79650A-B18B-4229-B167-ADBCAC2B9679}.Ad-Hoc|iPhoneSimulator.ActiveCfg = Debug|Any CPU
		{AE79650A-B18B-4229-B167-ADBCAC2B9679}.Ad-Hoc|iPhoneSimulator.Build.0 = Debug|Any CPU
		{AE79650A-B18B-4229-B167-ADBCAC2B9679}.Ad-Hoc|x64.ActiveCfg = Debug|Any CPU
		{AE79650A-B18B-4229-B167-ADBCAC2B9679}.Ad-Hoc|x64.Build.0 = Debug|Any CPU
		{AE79650A-B18B-4229-B167-ADBCAC2B9679}.Ad-Hoc|x86.ActiveCfg = Debug|Any CPU
		{AE79650A-B18B-4229-B167-ADBCAC2B9679}.Ad-Hoc|x86.Build.0 = Debug|Any CPU
		{AE79650A-B18B-4229-B167-ADBCAC2B9679}.AppStore|Any CPU.ActiveCfg = Debug|Any CPU
		{AE79650A-B18B-4229-B167-ADBCAC2B9679}.AppStore|Any CPU.Build.0 = Debug|Any CPU
		{AE79650A-B18B-4229-B167-ADBCAC2B9679}.AppStore|ARM.ActiveCfg = Debug|Any CPU
		{AE79650A-B18B-4229-B167-ADBCAC2B9679}.AppStore|ARM.Build.0 = Debug|Any CPU
		{AE79650A-B18B-4229-B167-ADBCAC2B9679}.AppStore|ARM64.ActiveCfg = Debug|Any CPU
		{AE79650A-B18B-4229-B167-ADBCAC2B9679}.AppStore|ARM64.Build.0 = Debug|Any CPU
		{AE79650A-B18B-4229-B167-ADBCAC2B9679}.AppStore|iPhone.ActiveCfg = Debug|Any CPU
		{AE79650A-B18B-4229-B167-ADBCAC2B9679}.AppStore|iPhone.Build.0 = Debug|Any CPU
		{AE79650A-B18B-4229-B167-ADBCAC2B9679}.AppStore|iPhoneSimulator.ActiveCfg = Debug|Any CPU
		{AE79650A-B18B-4229-B167-ADBCAC2B9679}.AppStore|iPhoneSimulator.Build.0 = Debug|Any CPU
		{AE79650A-B18B-4229-B167-ADBCAC2B9679}.AppStore|x64.ActiveCfg = Debug|Any CPU
		{AE79650A-B18B-4229-B167-ADBCAC2B9679}.AppStore|x64.Build.0 = Debug|Any CPU
		{AE79650A-B18B-4229-B167-ADBCAC2B9679}.AppStore|x86.ActiveCfg = Debug|Any CPU
		{AE79650A-B18B-4229-B167-ADBCAC2B9679}.AppStore|x86.Build.0 = Debug|Any CPU
		{AE79650A-B18B-4229-B167-ADBCAC2B9679}.Debug|Any CPU.ActiveCfg = Debug|Any CPU
		{AE79650A-B18B-4229-B167-ADBCAC2B9679}.Debug|Any CPU.Build.0 = Debug|Any CPU
		{AE79650A-B18B-4229-B167-ADBCAC2B9679}.Debug|ARM.ActiveCfg = Debug|Any CPU
		{AE79650A-B18B-4229-B167-ADBCAC2B9679}.Debug|ARM.Build.0 = Debug|Any CPU
		{AE79650A-B18B-4229-B167-ADBCAC2B9679}.Debug|ARM64.ActiveCfg = Debug|Any CPU
		{AE79650A-B18B-4229-B167-ADBCAC2B9679}.Debug|ARM64.Build.0 = Debug|Any CPU
		{AE79650A-B18B-4229-B167-ADBCAC2B9679}.Debug|iPhone.ActiveCfg = Debug|Any CPU
		{AE79650A-B18B-4229-B167-ADBCAC2B9679}.Debug|iPhone.Build.0 = Debug|Any CPU
		{AE79650A-B18B-4229-B167-ADBCAC2B9679}.Debug|iPhoneSimulator.ActiveCfg = Debug|Any CPU
		{AE79650A-B18B-4229-B167-ADBCAC2B9679}.Debug|iPhoneSimulator.Build.0 = Debug|Any CPU
		{AE79650A-B18B-4229-B167-ADBCAC2B9679}.Debug|x64.ActiveCfg = Debug|Any CPU
		{AE79650A-B18B-4229-B167-ADBCAC2B9679}.Debug|x64.Build.0 = Debug|Any CPU
		{AE79650A-B18B-4229-B167-ADBCAC2B9679}.Debug|x86.ActiveCfg = Debug|Any CPU
		{AE79650A-B18B-4229-B167-ADBCAC2B9679}.Debug|x86.Build.0 = Debug|Any CPU
		{AE79650A-B18B-4229-B167-ADBCAC2B9679}.Release|Any CPU.ActiveCfg = Release|Any CPU
		{AE79650A-B18B-4229-B167-ADBCAC2B9679}.Release|Any CPU.Build.0 = Release|Any CPU
		{AE79650A-B18B-4229-B167-ADBCAC2B9679}.Release|ARM.ActiveCfg = Release|Any CPU
		{AE79650A-B18B-4229-B167-ADBCAC2B9679}.Release|ARM.Build.0 = Release|Any CPU
		{AE79650A-B18B-4229-B167-ADBCAC2B9679}.Release|ARM64.ActiveCfg = Release|Any CPU
		{AE79650A-B18B-4229-B167-ADBCAC2B9679}.Release|ARM64.Build.0 = Release|Any CPU
		{AE79650A-B18B-4229-B167-ADBCAC2B9679}.Release|iPhone.ActiveCfg = Release|Any CPU
		{AE79650A-B18B-4229-B167-ADBCAC2B9679}.Release|iPhone.Build.0 = Release|Any CPU
		{AE79650A-B18B-4229-B167-ADBCAC2B9679}.Release|iPhoneSimulator.ActiveCfg = Release|Any CPU
		{AE79650A-B18B-4229-B167-ADBCAC2B9679}.Release|iPhoneSimulator.Build.0 = Release|Any CPU
		{AE79650A-B18B-4229-B167-ADBCAC2B9679}.Release|x64.ActiveCfg = Release|Any CPU
		{AE79650A-B18B-4229-B167-ADBCAC2B9679}.Release|x64.Build.0 = Release|Any CPU
		{AE79650A-B18B-4229-B167-ADBCAC2B9679}.Release|x86.ActiveCfg = Release|Any CPU
		{AE79650A-B18B-4229-B167-ADBCAC2B9679}.Release|x86.Build.0 = Release|Any CPU
		{78CF883B-CACB-412F-9571-96211E2E7F7E}.Ad-Hoc|Any CPU.ActiveCfg = Debug|Any CPU
		{78CF883B-CACB-412F-9571-96211E2E7F7E}.Ad-Hoc|Any CPU.Build.0 = Debug|Any CPU
		{78CF883B-CACB-412F-9571-96211E2E7F7E}.Ad-Hoc|ARM.ActiveCfg = Debug|Any CPU
		{78CF883B-CACB-412F-9571-96211E2E7F7E}.Ad-Hoc|ARM.Build.0 = Debug|Any CPU
		{78CF883B-CACB-412F-9571-96211E2E7F7E}.Ad-Hoc|ARM64.ActiveCfg = Debug|Any CPU
		{78CF883B-CACB-412F-9571-96211E2E7F7E}.Ad-Hoc|ARM64.Build.0 = Debug|Any CPU
		{78CF883B-CACB-412F-9571-96211E2E7F7E}.Ad-Hoc|iPhone.ActiveCfg = Debug|Any CPU
		{78CF883B-CACB-412F-9571-96211E2E7F7E}.Ad-Hoc|iPhone.Build.0 = Debug|Any CPU
		{78CF883B-CACB-412F-9571-96211E2E7F7E}.Ad-Hoc|iPhoneSimulator.ActiveCfg = Debug|Any CPU
		{78CF883B-CACB-412F-9571-96211E2E7F7E}.Ad-Hoc|iPhoneSimulator.Build.0 = Debug|Any CPU
		{78CF883B-CACB-412F-9571-96211E2E7F7E}.Ad-Hoc|x64.ActiveCfg = Debug|Any CPU
		{78CF883B-CACB-412F-9571-96211E2E7F7E}.Ad-Hoc|x64.Build.0 = Debug|Any CPU
		{78CF883B-CACB-412F-9571-96211E2E7F7E}.Ad-Hoc|x86.ActiveCfg = Debug|Any CPU
		{78CF883B-CACB-412F-9571-96211E2E7F7E}.Ad-Hoc|x86.Build.0 = Debug|Any CPU
		{78CF883B-CACB-412F-9571-96211E2E7F7E}.AppStore|Any CPU.ActiveCfg = Debug|Any CPU
		{78CF883B-CACB-412F-9571-96211E2E7F7E}.AppStore|Any CPU.Build.0 = Debug|Any CPU
		{78CF883B-CACB-412F-9571-96211E2E7F7E}.AppStore|ARM.ActiveCfg = Debug|Any CPU
		{78CF883B-CACB-412F-9571-96211E2E7F7E}.AppStore|ARM.Build.0 = Debug|Any CPU
		{78CF883B-CACB-412F-9571-96211E2E7F7E}.AppStore|ARM64.ActiveCfg = Debug|Any CPU
		{78CF883B-CACB-412F-9571-96211E2E7F7E}.AppStore|ARM64.Build.0 = Debug|Any CPU
		{78CF883B-CACB-412F-9571-96211E2E7F7E}.AppStore|iPhone.ActiveCfg = Debug|Any CPU
		{78CF883B-CACB-412F-9571-96211E2E7F7E}.AppStore|iPhone.Build.0 = Debug|Any CPU
		{78CF883B-CACB-412F-9571-96211E2E7F7E}.AppStore|iPhoneSimulator.ActiveCfg = Debug|Any CPU
		{78CF883B-CACB-412F-9571-96211E2E7F7E}.AppStore|iPhoneSimulator.Build.0 = Debug|Any CPU
		{78CF883B-CACB-412F-9571-96211E2E7F7E}.AppStore|x64.ActiveCfg = Debug|Any CPU
		{78CF883B-CACB-412F-9571-96211E2E7F7E}.AppStore|x64.Build.0 = Debug|Any CPU
		{78CF883B-CACB-412F-9571-96211E2E7F7E}.AppStore|x86.ActiveCfg = Debug|Any CPU
		{78CF883B-CACB-412F-9571-96211E2E7F7E}.AppStore|x86.Build.0 = Debug|Any CPU
		{78CF883B-CACB-412F-9571-96211E2E7F7E}.Debug|Any CPU.ActiveCfg = Debug|Any CPU
		{78CF883B-CACB-412F-9571-96211E2E7F7E}.Debug|Any CPU.Build.0 = Debug|Any CPU
		{78CF883B-CACB-412F-9571-96211E2E7F7E}.Debug|ARM.ActiveCfg = Debug|Any CPU
		{78CF883B-CACB-412F-9571-96211E2E7F7E}.Debug|ARM.Build.0 = Debug|Any CPU
		{78CF883B-CACB-412F-9571-96211E2E7F7E}.Debug|ARM64.ActiveCfg = Debug|Any CPU
		{78CF883B-CACB-412F-9571-96211E2E7F7E}.Debug|ARM64.Build.0 = Debug|Any CPU
		{78CF883B-CACB-412F-9571-96211E2E7F7E}.Debug|iPhone.ActiveCfg = Debug|Any CPU
		{78CF883B-CACB-412F-9571-96211E2E7F7E}.Debug|iPhone.Build.0 = Debug|Any CPU
		{78CF883B-CACB-412F-9571-96211E2E7F7E}.Debug|iPhoneSimulator.ActiveCfg = Debug|Any CPU
		{78CF883B-CACB-412F-9571-96211E2E7F7E}.Debug|iPhoneSimulator.Build.0 = Debug|Any CPU
		{78CF883B-CACB-412F-9571-96211E2E7F7E}.Debug|x64.ActiveCfg = Debug|Any CPU
		{78CF883B-CACB-412F-9571-96211E2E7F7E}.Debug|x64.Build.0 = Debug|Any CPU
		{78CF883B-CACB-412F-9571-96211E2E7F7E}.Debug|x86.ActiveCfg = Debug|Any CPU
		{78CF883B-CACB-412F-9571-96211E2E7F7E}.Debug|x86.Build.0 = Debug|Any CPU
		{78CF883B-CACB-412F-9571-96211E2E7F7E}.Release|Any CPU.ActiveCfg = Release|Any CPU
		{78CF883B-CACB-412F-9571-96211E2E7F7E}.Release|Any CPU.Build.0 = Release|Any CPU
		{78CF883B-CACB-412F-9571-96211E2E7F7E}.Release|ARM.ActiveCfg = Release|Any CPU
		{78CF883B-CACB-412F-9571-96211E2E7F7E}.Release|ARM.Build.0 = Release|Any CPU
		{78CF883B-CACB-412F-9571-96211E2E7F7E}.Release|ARM64.ActiveCfg = Release|Any CPU
		{78CF883B-CACB-412F-9571-96211E2E7F7E}.Release|ARM64.Build.0 = Release|Any CPU
		{78CF883B-CACB-412F-9571-96211E2E7F7E}.Release|iPhone.ActiveCfg = Release|Any CPU
		{78CF883B-CACB-412F-9571-96211E2E7F7E}.Release|iPhone.Build.0 = Release|Any CPU
		{78CF883B-CACB-412F-9571-96211E2E7F7E}.Release|iPhoneSimulator.ActiveCfg = Release|Any CPU
		{78CF883B-CACB-412F-9571-96211E2E7F7E}.Release|iPhoneSimulator.Build.0 = Release|Any CPU
		{78CF883B-CACB-412F-9571-96211E2E7F7E}.Release|x64.ActiveCfg = Release|Any CPU
		{78CF883B-CACB-412F-9571-96211E2E7F7E}.Release|x64.Build.0 = Release|Any CPU
		{78CF883B-CACB-412F-9571-96211E2E7F7E}.Release|x86.ActiveCfg = Release|Any CPU
		{78CF883B-CACB-412F-9571-96211E2E7F7E}.Release|x86.Build.0 = Release|Any CPU
		{4D530D82-BD72-4D58-969C-2A8BDCD876F2}.Ad-Hoc|Any CPU.ActiveCfg = Debug|Any CPU
		{4D530D82-BD72-4D58-969C-2A8BDCD876F2}.Ad-Hoc|Any CPU.Build.0 = Debug|Any CPU
		{4D530D82-BD72-4D58-969C-2A8BDCD876F2}.Ad-Hoc|ARM.ActiveCfg = Debug|Any CPU
		{4D530D82-BD72-4D58-969C-2A8BDCD876F2}.Ad-Hoc|ARM.Build.0 = Debug|Any CPU
		{4D530D82-BD72-4D58-969C-2A8BDCD876F2}.Ad-Hoc|ARM64.ActiveCfg = Debug|Any CPU
		{4D530D82-BD72-4D58-969C-2A8BDCD876F2}.Ad-Hoc|ARM64.Build.0 = Debug|Any CPU
		{4D530D82-BD72-4D58-969C-2A8BDCD876F2}.Ad-Hoc|iPhone.ActiveCfg = Debug|Any CPU
		{4D530D82-BD72-4D58-969C-2A8BDCD876F2}.Ad-Hoc|iPhone.Build.0 = Debug|Any CPU
		{4D530D82-BD72-4D58-969C-2A8BDCD876F2}.Ad-Hoc|iPhoneSimulator.ActiveCfg = Debug|Any CPU
		{4D530D82-BD72-4D58-969C-2A8BDCD876F2}.Ad-Hoc|iPhoneSimulator.Build.0 = Debug|Any CPU
		{4D530D82-BD72-4D58-969C-2A8BDCD876F2}.Ad-Hoc|x64.ActiveCfg = Debug|Any CPU
		{4D530D82-BD72-4D58-969C-2A8BDCD876F2}.Ad-Hoc|x64.Build.0 = Debug|Any CPU
		{4D530D82-BD72-4D58-969C-2A8BDCD876F2}.Ad-Hoc|x86.ActiveCfg = Debug|Any CPU
		{4D530D82-BD72-4D58-969C-2A8BDCD876F2}.Ad-Hoc|x86.Build.0 = Debug|Any CPU
		{4D530D82-BD72-4D58-969C-2A8BDCD876F2}.AppStore|Any CPU.ActiveCfg = Debug|Any CPU
		{4D530D82-BD72-4D58-969C-2A8BDCD876F2}.AppStore|Any CPU.Build.0 = Debug|Any CPU
		{4D530D82-BD72-4D58-969C-2A8BDCD876F2}.AppStore|ARM.ActiveCfg = Debug|Any CPU
		{4D530D82-BD72-4D58-969C-2A8BDCD876F2}.AppStore|ARM.Build.0 = Debug|Any CPU
		{4D530D82-BD72-4D58-969C-2A8BDCD876F2}.AppStore|ARM64.ActiveCfg = Debug|Any CPU
		{4D530D82-BD72-4D58-969C-2A8BDCD876F2}.AppStore|ARM64.Build.0 = Debug|Any CPU
		{4D530D82-BD72-4D58-969C-2A8BDCD876F2}.AppStore|iPhone.ActiveCfg = Debug|Any CPU
		{4D530D82-BD72-4D58-969C-2A8BDCD876F2}.AppStore|iPhone.Build.0 = Debug|Any CPU
		{4D530D82-BD72-4D58-969C-2A8BDCD876F2}.AppStore|iPhoneSimulator.ActiveCfg = Debug|Any CPU
		{4D530D82-BD72-4D58-969C-2A8BDCD876F2}.AppStore|iPhoneSimulator.Build.0 = Debug|Any CPU
		{4D530D82-BD72-4D58-969C-2A8BDCD876F2}.AppStore|x64.ActiveCfg = Debug|Any CPU
		{4D530D82-BD72-4D58-969C-2A8BDCD876F2}.AppStore|x64.Build.0 = Debug|Any CPU
		{4D530D82-BD72-4D58-969C-2A8BDCD876F2}.AppStore|x86.ActiveCfg = Debug|Any CPU
		{4D530D82-BD72-4D58-969C-2A8BDCD876F2}.AppStore|x86.Build.0 = Debug|Any CPU
		{4D530D82-BD72-4D58-969C-2A8BDCD876F2}.Debug|Any CPU.ActiveCfg = Debug|Any CPU
		{4D530D82-BD72-4D58-969C-2A8BDCD876F2}.Debug|Any CPU.Build.0 = Debug|Any CPU
		{4D530D82-BD72-4D58-969C-2A8BDCD876F2}.Debug|ARM.ActiveCfg = Debug|Any CPU
		{4D530D82-BD72-4D58-969C-2A8BDCD876F2}.Debug|ARM.Build.0 = Debug|Any CPU
		{4D530D82-BD72-4D58-969C-2A8BDCD876F2}.Debug|ARM64.ActiveCfg = Debug|Any CPU
		{4D530D82-BD72-4D58-969C-2A8BDCD876F2}.Debug|ARM64.Build.0 = Debug|Any CPU
		{4D530D82-BD72-4D58-969C-2A8BDCD876F2}.Debug|iPhone.ActiveCfg = Debug|Any CPU
		{4D530D82-BD72-4D58-969C-2A8BDCD876F2}.Debug|iPhone.Build.0 = Debug|Any CPU
		{4D530D82-BD72-4D58-969C-2A8BDCD876F2}.Debug|iPhoneSimulator.ActiveCfg = Debug|Any CPU
		{4D530D82-BD72-4D58-969C-2A8BDCD876F2}.Debug|iPhoneSimulator.Build.0 = Debug|Any CPU
		{4D530D82-BD72-4D58-969C-2A8BDCD876F2}.Debug|x64.ActiveCfg = Debug|Any CPU
		{4D530D82-BD72-4D58-969C-2A8BDCD876F2}.Debug|x64.Build.0 = Debug|Any CPU
		{4D530D82-BD72-4D58-969C-2A8BDCD876F2}.Debug|x86.ActiveCfg = Debug|Any CPU
		{4D530D82-BD72-4D58-969C-2A8BDCD876F2}.Debug|x86.Build.0 = Debug|Any CPU
		{4D530D82-BD72-4D58-969C-2A8BDCD876F2}.Release|Any CPU.ActiveCfg = Release|Any CPU
		{4D530D82-BD72-4D58-969C-2A8BDCD876F2}.Release|Any CPU.Build.0 = Release|Any CPU
		{4D530D82-BD72-4D58-969C-2A8BDCD876F2}.Release|ARM.ActiveCfg = Release|Any CPU
		{4D530D82-BD72-4D58-969C-2A8BDCD876F2}.Release|ARM.Build.0 = Release|Any CPU
		{4D530D82-BD72-4D58-969C-2A8BDCD876F2}.Release|ARM64.ActiveCfg = Release|Any CPU
		{4D530D82-BD72-4D58-969C-2A8BDCD876F2}.Release|ARM64.Build.0 = Release|Any CPU
		{4D530D82-BD72-4D58-969C-2A8BDCD876F2}.Release|iPhone.ActiveCfg = Release|Any CPU
		{4D530D82-BD72-4D58-969C-2A8BDCD876F2}.Release|iPhone.Build.0 = Release|Any CPU
		{4D530D82-BD72-4D58-969C-2A8BDCD876F2}.Release|iPhoneSimulator.ActiveCfg = Release|Any CPU
		{4D530D82-BD72-4D58-969C-2A8BDCD876F2}.Release|iPhoneSimulator.Build.0 = Release|Any CPU
		{4D530D82-BD72-4D58-969C-2A8BDCD876F2}.Release|x64.ActiveCfg = Release|Any CPU
		{4D530D82-BD72-4D58-969C-2A8BDCD876F2}.Release|x64.Build.0 = Release|Any CPU
		{4D530D82-BD72-4D58-969C-2A8BDCD876F2}.Release|x86.ActiveCfg = Release|Any CPU
		{4D530D82-BD72-4D58-969C-2A8BDCD876F2}.Release|x86.Build.0 = Release|Any CPU
	EndGlobalSection
	GlobalSection(SolutionProperties) = preSolution
		HideSolutionNode = FALSE
	EndGlobalSection
	GlobalSection(NestedProjects) = preSolution
		{B9F3AD0C-1F50-445A-A6F1-88B6892EE9CC} = {F435E472-6EF0-4739-9D92-A058FA5B039B}
		{2349A143-A4CE-42E4-B904-1F92E8ACC1EE} = {B9F3AD0C-1F50-445A-A6F1-88B6892EE9CC}
		{6279C845-92F8-4333-AB99-3D213163593C} = {B9F3AD0C-1F50-445A-A6F1-88B6892EE9CC}
		{4741C651-A1E7-44C5-9A91-A6D59D1248F1} = {B9F3AD0C-1F50-445A-A6F1-88B6892EE9CC}
		{F3ADAB09-F459-407B-8920-45EC1CFC7040} = {4741C651-A1E7-44C5-9A91-A6D59D1248F1}
		{F9497365-F492-4027-BE58-61521EE747AC} = {4741C651-A1E7-44C5-9A91-A6D59D1248F1}
		{2E9E4FC0-EF26-46EF-BFCF-20A2DA4A748B} = {4741C651-A1E7-44C5-9A91-A6D59D1248F1}
		{AE79650A-B18B-4229-B167-ADBCAC2B9679} = {4741C651-A1E7-44C5-9A91-A6D59D1248F1}
		{78CF883B-CACB-412F-9571-96211E2E7F7E} = {4741C651-A1E7-44C5-9A91-A6D59D1248F1}
		{4D530D82-BD72-4D58-969C-2A8BDCD876F2} = {F435E472-6EF0-4739-9D92-A058FA5B039B}
	EndGlobalSection
	GlobalSection(ExtensibilityGlobals) = postSolution
		SolutionGuid = {F5304432-D676-40D8-AAB5-9F1CC1904CF2}
	EndGlobalSection
EndGlobal
