
Microsoft Visual Studio Solution File, Format Version 12.00
# Visual Studio Version 17
VisualStudioVersion = 17.1.31903.286
MinimumVisualStudioVersion = 10.0.40219.1
Project("{9A19103F-16F7-4668-BE54-9A1E7A4F7556}") = "Uno.XamlMerge.Task", "Uno.XamlMerge.Task\Uno.XamlMerge.Task.csproj", "{EA38F3A8-DAA9-4885-8D8E-1CC38A70A63A}"
EndProject
Project("{FAE04EC0-301F-11D3-BF4B-00C04F79EFBC}") = "TestLibrary", "TestLibrary\TestLibrary.csproj", "{C4128C97-69D5-4771-9AC3-D21D1B3B987F}"
EndProject
Global
	GlobalSection(SolutionConfigurationPlatforms) = preSolution
		Debug|Any CPU = Debug|Any CPU
		Release|Any CPU = Release|Any CPU
	EndGlobalSection
	GlobalSection(ProjectConfigurationPlatforms) = postSolution
		{EA38F3A8-DAA9-4885-8D8E-1CC38A70A63A}.Debug|Any CPU.ActiveCfg = Debug|Any CPU
		{EA38F3A8-DAA9-4885-8D8E-1CC38A70A63A}.Debug|Any CPU.Build.0 = Debug|Any CPU
		{EA38F3A8-DAA9-4885-8D8E-1CC38A70A63A}.Release|Any CPU.ActiveCfg = Release|Any CPU
		{EA38F3A8-DAA9-4885-8D8E-1CC38A70A63A}.Release|Any CPU.Build.0 = Release|Any CPU
		{C4128C97-69D5-4771-9AC3-D21D1B3B987F}.Debug|Any CPU.ActiveCfg = Debug|Any CPU
		{C4128C97-69D5-4771-9AC3-D21D1B3B987F}.Debug|Any CPU.Build.0 = Debug|Any CPU
		{C4128C97-69D5-4771-9AC3-D21D1B3B987F}.Release|Any CPU.ActiveCfg = Release|Any CPU
		{C4128C97-69D5-4771-9AC3-D21D1B3B987F}.Release|Any CPU.Build.0 = Release|Any CPU
	EndGlobalSection
	GlobalSection(SolutionProperties) = preSolution
		HideSolutionNode = FALSE
	EndGlobalSection
	GlobalSection(ExtensibilityGlobals) = postSolution
		SolutionGuid = {F5304432-D676-40D8-AAB5-9F1CC1904CF2}
	EndGlobalSection
EndGlobal
